// !$*UTF8*$!
{
	archiveVersion = 1;
	classes = {
	};
	objectVersion = 54;
	objects = {

/* Begin PBXBuildFile section */
		15CD505A276048D50013DA30 /* PropertyDescriptionView.swift in Sources */ = {isa = PBXBuildFile; fileRef = 15CD5059276048D50013DA30 /* PropertyDescriptionView.swift */; };
		2C37FCF72760DB3200B8BB3D /* TabBarController.swift in Sources */ = {isa = PBXBuildFile; fileRef = 2C37FCF62760DB3200B8BB3D /* TabBarController.swift */; };
		2C4BC74C2767F26D00B37971 /* swiftgen.yml in Resources */ = {isa = PBXBuildFile; fileRef = 2C4BC74B2767F26D00B37971 /* swiftgen.yml */; };
		2C4BC7502767F2E000B37971 /* XCAssets+Generated.swift in Sources */ = {isa = PBXBuildFile; fileRef = 2C4BC74F2767F2E000B37971 /* XCAssets+Generated.swift */; };
		5B821DFE275FA2C600E5DFEF /* DividerView.swift in Sources */ = {isa = PBXBuildFile; fileRef = 5B821DFD275FA2C600E5DFEF /* DividerView.swift */; };
		5B821E02275FD31100E5DFEF /* UIViewPreview.swift in Sources */ = {isa = PBXBuildFile; fileRef = 5B821E01275FD31100E5DFEF /* UIViewPreview.swift */; };
		5BA12CD527610B000068AE9C /* LoadingView.swift in Sources */ = {isa = PBXBuildFile; fileRef = 5BA12CD427610B000068AE9C /* LoadingView.swift */; };
		5BB0C4232762900400487518 /* LoadingViewSnapshotTests.swift in Sources */ = {isa = PBXBuildFile; fileRef = 5BB0C4222762900400487518 /* LoadingViewSnapshotTests.swift */; };
		5BB0C4252762904300487518 /* ContactFormViewSnapshotTest.swift in Sources */ = {isa = PBXBuildFile; fileRef = 5BB0C4242762904300487518 /* ContactFormViewSnapshotTest.swift */; };
		5BB8193C27605F5600E9A781 /* ContactFormView.swift in Sources */ = {isa = PBXBuildFile; fileRef = 5BB8193B27605F5600E9A781 /* ContactFormView.swift */; };
		5BE2E69627607E4E005E5597 /* UITextField+Padding.swift in Sources */ = {isa = PBXBuildFile; fileRef = 5BE2E69527607E4E005E5597 /* UITextField+Padding.swift */; };
		78BD9057A1FB8D2DBBABB1A1 /* Pods_ViewCodeChallenge_RealEstateTests.framework in Frameworks */ = {isa = PBXBuildFile; fileRef = DD911AD64E3795DDC3B1DEA5 /* Pods_ViewCodeChallenge_RealEstateTests.framework */; };
		980789CB275E8FAF00CED39A /* Settings.swift in Sources */ = {isa = PBXBuildFile; fileRef = 980789CA275E8FAF00CED39A /* Settings.swift */; };
		980789CE275E943D00CED39A /* FavoritesViewController.swift in Sources */ = {isa = PBXBuildFile; fileRef = 980789CD275E943C00CED39A /* FavoritesViewController.swift */; };
		980789D9275EA3C900CED39A /* AccountViewController.swift in Sources */ = {isa = PBXBuildFile; fileRef = 980789D8275EA3C900CED39A /* AccountViewController.swift */; };
		980789DC275EA40200CED39A /* ViewCode.swift in Sources */ = {isa = PBXBuildFile; fileRef = 980789DB275EA40200CED39A /* ViewCode.swift */; };
		980C0C112704F1C700F8100A /* RealEstateAPIClient.swift in Sources */ = {isa = PBXBuildFile; fileRef = 980C0C0A2704F1C700F8100A /* RealEstateAPIClient.swift */; };
		980C0C1C2704F23E00F8100A /* PropertyDetailsViewController.swift in Sources */ = {isa = PBXBuildFile; fileRef = 980C0C1B2704F23E00F8100A /* PropertyDetailsViewController.swift */; };
		980C0C1F2704F3C400F8100A /* Property.swift in Sources */ = {isa = PBXBuildFile; fileRef = 980C0C1E2704F3C400F8100A /* Property.swift */; };
		986153D02704EE2B00838CA6 /* AppDelegate.swift in Sources */ = {isa = PBXBuildFile; fileRef = 986153CF2704EE2B00838CA6 /* AppDelegate.swift */; };
		986153D22704EE2B00838CA6 /* SceneDelegate.swift in Sources */ = {isa = PBXBuildFile; fileRef = 986153D12704EE2B00838CA6 /* SceneDelegate.swift */; };
		986153D42704EE2B00838CA6 /* PropertyListViewController.swift in Sources */ = {isa = PBXBuildFile; fileRef = 986153D32704EE2B00838CA6 /* PropertyListViewController.swift */; };
		986153D92704EE2F00838CA6 /* Assets.xcassets in Resources */ = {isa = PBXBuildFile; fileRef = 986153D82704EE2F00838CA6 /* Assets.xcassets */; };
		986153DC2704EE2F00838CA6 /* LaunchScreen.storyboard in Resources */ = {isa = PBXBuildFile; fileRef = 986153DA2704EE2F00838CA6 /* LaunchScreen.storyboard */; };
		98A281562766CEF600D600BC /* PropertyDescriptionViewTests.swift in Sources */ = {isa = PBXBuildFile; fileRef = 98A281552766CEF600D600BC /* PropertyDescriptionViewTests.swift */; };
		98DAB5322718CBE400BDC6B8 /* listings.json in Resources */ = {isa = PBXBuildFile; fileRef = 98DAB5312718CBE400BDC6B8 /* listings.json */; };
		A22DB302276464C70057275D /* ButtonViewSnapshotTests.swift in Sources */ = {isa = PBXBuildFile; fileRef = A22DB301276464C70057275D /* ButtonViewSnapshotTests.swift */; };
		A22DB303276466830057275D /* EmptyViewSnapshotTests.swift in Sources */ = {isa = PBXBuildFile; fileRef = B1DE4A402762D9D30091AFD9 /* EmptyViewSnapshotTests.swift */; };
		A2BA38B42761557800E8CAF1 /* ButtonView.swift in Sources */ = {isa = PBXBuildFile; fileRef = A2BA38B32761557800E8CAF1 /* ButtonView.swift */; };
		B18DAA702763A2A20025F963 /* PropertyTableViewCell.swift in Sources */ = {isa = PBXBuildFile; fileRef = B18DAA6F2763A2A20025F963 /* PropertyTableViewCell.swift */; };
		B18DAA722763BC010025F963 /* PropertyTableViewCell_Tests.swift in Sources */ = {isa = PBXBuildFile; fileRef = B18DAA712763BC010025F963 /* PropertyTableViewCell_Tests.swift */; };
		B1DE4A3F2762D9AA0091AFD9 /* CarouselView_Tests.swift in Sources */ = {isa = PBXBuildFile; fileRef = B1DE4A3E2762D9AA0091AFD9 /* CarouselView_Tests.swift */; };
		B1F86D6827618B6300F71304 /* CarouselCollectionViewCell.swift in Sources */ = {isa = PBXBuildFile; fileRef = B1F86D6627618B6300F71304 /* CarouselCollectionViewCell.swift */; };
		B1F86D6927618B6300F71304 /* CarouselView.swift in Sources */ = {isa = PBXBuildFile; fileRef = B1F86D6727618B6300F71304 /* CarouselView.swift */; };
		B9BB37EE275F9EFB00396B9E /* EmptyView.swift in Sources */ = {isa = PBXBuildFile; fileRef = B9BB37ED275F9EFB00396B9E /* EmptyView.swift */; };
		BA0E622192F02A954B644344 /* Pods_ViewCodeChallenge_RealEstate.framework in Frameworks */ = {isa = PBXBuildFile; fileRef = 823B14E9BF8057CAC0B47901 /* Pods_ViewCodeChallenge_RealEstate.framework */; };
		EB8A3358276100C00085FF8F /* PropertyInfoViewSnapshotTests.swift in Sources */ = {isa = PBXBuildFile; fileRef = EB8A3357276100C00085FF8F /* PropertyInfoViewSnapshotTests.swift */; };
		EBD7B13527616772004945A4 /* PropertyInfoConfiguration.swift in Sources */ = {isa = PBXBuildFile; fileRef = EBD7B13327616772004945A4 /* PropertyInfoConfiguration.swift */; };
		EBD7B13627616772004945A4 /* PropertyInfoView.swift in Sources */ = {isa = PBXBuildFile; fileRef = EBD7B13427616772004945A4 /* PropertyInfoView.swift */; };
		EBD7B138276167AC004945A4 /* DividerViewSnapshotTests.swift in Sources */ = {isa = PBXBuildFile; fileRef = EBD7B137276167AC004945A4 /* DividerViewSnapshotTests.swift */; };
/* End PBXBuildFile section */

/* Begin PBXContainerItemProxy section */
		E5D24F00275F8E8400E54F9F /* PBXContainerItemProxy */ = {
			isa = PBXContainerItemProxy;
			containerPortal = 986153C42704EE2B00838CA6 /* Project object */;
			proxyType = 1;
			remoteGlobalIDString = 986153CB2704EE2B00838CA6;
			remoteInfo = "ViewCodeChallenge-RealEstate";
		};
/* End PBXContainerItemProxy section */

/* Begin PBXFileReference section */
		15CD5059276048D50013DA30 /* PropertyDescriptionView.swift */ = {isa = PBXFileReference; lastKnownFileType = sourcecode.swift; path = PropertyDescriptionView.swift; sourceTree = "<group>"; };
		2C37FCF62760DB3200B8BB3D /* TabBarController.swift */ = {isa = PBXFileReference; lastKnownFileType = sourcecode.swift; path = TabBarController.swift; sourceTree = "<group>"; };
		2C4BC74B2767F26D00B37971 /* swiftgen.yml */ = {isa = PBXFileReference; fileEncoding = 4; lastKnownFileType = text.yaml; path = swiftgen.yml; sourceTree = "<group>"; };
		2C4BC74F2767F2E000B37971 /* XCAssets+Generated.swift */ = {isa = PBXFileReference; fileEncoding = 4; lastKnownFileType = sourcecode.swift; path = "XCAssets+Generated.swift"; sourceTree = "<group>"; };
		5B821DFD275FA2C600E5DFEF /* DividerView.swift */ = {isa = PBXFileReference; lastKnownFileType = sourcecode.swift; path = DividerView.swift; sourceTree = "<group>"; };
		5B821E01275FD31100E5DFEF /* UIViewPreview.swift */ = {isa = PBXFileReference; lastKnownFileType = sourcecode.swift; path = UIViewPreview.swift; sourceTree = "<group>"; };
		5BA12CD427610B000068AE9C /* LoadingView.swift */ = {isa = PBXFileReference; lastKnownFileType = sourcecode.swift; path = LoadingView.swift; sourceTree = "<group>"; };
		5BB0C4222762900400487518 /* LoadingViewSnapshotTests.swift */ = {isa = PBXFileReference; fileEncoding = 4; lastKnownFileType = sourcecode.swift; path = LoadingViewSnapshotTests.swift; sourceTree = "<group>"; };
		5BB0C4242762904300487518 /* ContactFormViewSnapshotTest.swift */ = {isa = PBXFileReference; fileEncoding = 4; lastKnownFileType = sourcecode.swift; path = ContactFormViewSnapshotTest.swift; sourceTree = "<group>"; };
		5BB8193B27605F5600E9A781 /* ContactFormView.swift */ = {isa = PBXFileReference; lastKnownFileType = sourcecode.swift; path = ContactFormView.swift; sourceTree = "<group>"; };
		5BE2E69527607E4E005E5597 /* UITextField+Padding.swift */ = {isa = PBXFileReference; lastKnownFileType = sourcecode.swift; path = "UITextField+Padding.swift"; sourceTree = "<group>"; };
		5CECF823CCAAF6BBED8C9E56 /* Pods-ViewCodeChallenge-RealEstate.debug.xcconfig */ = {isa = PBXFileReference; includeInIndex = 1; lastKnownFileType = text.xcconfig; name = "Pods-ViewCodeChallenge-RealEstate.debug.xcconfig"; path = "Target Support Files/Pods-ViewCodeChallenge-RealEstate/Pods-ViewCodeChallenge-RealEstate.debug.xcconfig"; sourceTree = "<group>"; };
		823B14E9BF8057CAC0B47901 /* Pods_ViewCodeChallenge_RealEstate.framework */ = {isa = PBXFileReference; explicitFileType = wrapper.framework; includeInIndex = 0; path = Pods_ViewCodeChallenge_RealEstate.framework; sourceTree = BUILT_PRODUCTS_DIR; };
		980789CA275E8FAF00CED39A /* Settings.swift */ = {isa = PBXFileReference; lastKnownFileType = sourcecode.swift; path = Settings.swift; sourceTree = "<group>"; };
		980789CD275E943C00CED39A /* FavoritesViewController.swift */ = {isa = PBXFileReference; lastKnownFileType = sourcecode.swift; path = FavoritesViewController.swift; sourceTree = "<group>"; };
		980789D8275EA3C900CED39A /* AccountViewController.swift */ = {isa = PBXFileReference; lastKnownFileType = sourcecode.swift; path = AccountViewController.swift; sourceTree = "<group>"; };
		980789DB275EA40200CED39A /* ViewCode.swift */ = {isa = PBXFileReference; lastKnownFileType = sourcecode.swift; path = ViewCode.swift; sourceTree = "<group>"; };
		980C0C0A2704F1C700F8100A /* RealEstateAPIClient.swift */ = {isa = PBXFileReference; fileEncoding = 4; lastKnownFileType = sourcecode.swift; path = RealEstateAPIClient.swift; sourceTree = "<group>"; };
		980C0C1B2704F23E00F8100A /* PropertyDetailsViewController.swift */ = {isa = PBXFileReference; lastKnownFileType = sourcecode.swift; path = PropertyDetailsViewController.swift; sourceTree = "<group>"; };
		980C0C1E2704F3C400F8100A /* Property.swift */ = {isa = PBXFileReference; lastKnownFileType = sourcecode.swift; path = Property.swift; sourceTree = "<group>"; };
		986153CC2704EE2B00838CA6 /* ViewCodeChallenge-RealEstate.app */ = {isa = PBXFileReference; explicitFileType = wrapper.application; includeInIndex = 0; path = "ViewCodeChallenge-RealEstate.app"; sourceTree = BUILT_PRODUCTS_DIR; };
		986153CF2704EE2B00838CA6 /* AppDelegate.swift */ = {isa = PBXFileReference; lastKnownFileType = sourcecode.swift; path = AppDelegate.swift; sourceTree = "<group>"; };
		986153D12704EE2B00838CA6 /* SceneDelegate.swift */ = {isa = PBXFileReference; lastKnownFileType = sourcecode.swift; path = SceneDelegate.swift; sourceTree = "<group>"; };
		986153D32704EE2B00838CA6 /* PropertyListViewController.swift */ = {isa = PBXFileReference; lastKnownFileType = sourcecode.swift; path = PropertyListViewController.swift; sourceTree = "<group>"; };
		986153D82704EE2F00838CA6 /* Assets.xcassets */ = {isa = PBXFileReference; lastKnownFileType = folder.assetcatalog; path = Assets.xcassets; sourceTree = "<group>"; };
		986153DB2704EE2F00838CA6 /* Base */ = {isa = PBXFileReference; lastKnownFileType = file.storyboard; name = Base; path = Base.lproj/LaunchScreen.storyboard; sourceTree = "<group>"; };
		986153DD2704EE2F00838CA6 /* Info.plist */ = {isa = PBXFileReference; lastKnownFileType = text.plist.xml; path = Info.plist; sourceTree = "<group>"; };
		98A281552766CEF600D600BC /* PropertyDescriptionViewTests.swift */ = {isa = PBXFileReference; fileEncoding = 4; lastKnownFileType = sourcecode.swift; path = PropertyDescriptionViewTests.swift; sourceTree = "<group>"; };
		98DAB5312718CBE400BDC6B8 /* listings.json */ = {isa = PBXFileReference; fileEncoding = 4; lastKnownFileType = text.json; path = listings.json; sourceTree = SOURCE_ROOT; };
		9CBFFC21F22F882A8493875E /* Pods-ViewCodeChallenge-RealEstate.release.xcconfig */ = {isa = PBXFileReference; includeInIndex = 1; lastKnownFileType = text.xcconfig; name = "Pods-ViewCodeChallenge-RealEstate.release.xcconfig"; path = "Target Support Files/Pods-ViewCodeChallenge-RealEstate/Pods-ViewCodeChallenge-RealEstate.release.xcconfig"; sourceTree = "<group>"; };
		A22DB301276464C70057275D /* ButtonViewSnapshotTests.swift */ = {isa = PBXFileReference; fileEncoding = 4; lastKnownFileType = sourcecode.swift; path = ButtonViewSnapshotTests.swift; sourceTree = "<group>"; };
		A2BA38B32761557800E8CAF1 /* ButtonView.swift */ = {isa = PBXFileReference; lastKnownFileType = sourcecode.swift; path = ButtonView.swift; sourceTree = "<group>"; };
		B18DAA6F2763A2A20025F963 /* PropertyTableViewCell.swift */ = {isa = PBXFileReference; lastKnownFileType = sourcecode.swift; path = PropertyTableViewCell.swift; sourceTree = "<group>"; };
		B18DAA712763BC010025F963 /* PropertyTableViewCell_Tests.swift */ = {isa = PBXFileReference; lastKnownFileType = sourcecode.swift; path = PropertyTableViewCell_Tests.swift; sourceTree = "<group>"; };
		B1DE4A3E2762D9AA0091AFD9 /* CarouselView_Tests.swift */ = {isa = PBXFileReference; fileEncoding = 4; lastKnownFileType = sourcecode.swift; path = CarouselView_Tests.swift; sourceTree = "<group>"; };
		B1DE4A402762D9D30091AFD9 /* EmptyViewSnapshotTests.swift */ = {isa = PBXFileReference; fileEncoding = 4; lastKnownFileType = sourcecode.swift; path = EmptyViewSnapshotTests.swift; sourceTree = "<group>"; };
		B1F86D6627618B6300F71304 /* CarouselCollectionViewCell.swift */ = {isa = PBXFileReference; fileEncoding = 4; lastKnownFileType = sourcecode.swift; path = CarouselCollectionViewCell.swift; sourceTree = "<group>"; };
		B1F86D6727618B6300F71304 /* CarouselView.swift */ = {isa = PBXFileReference; fileEncoding = 4; lastKnownFileType = sourcecode.swift; path = CarouselView.swift; sourceTree = "<group>"; };
		B9BB37ED275F9EFB00396B9E /* EmptyView.swift */ = {isa = PBXFileReference; lastKnownFileType = sourcecode.swift; path = EmptyView.swift; sourceTree = "<group>"; };
		C0F77C1694D966A39B35CC75 /* Pods-ViewCodeChallenge-RealEstateTests.release.xcconfig */ = {isa = PBXFileReference; includeInIndex = 1; lastKnownFileType = text.xcconfig; name = "Pods-ViewCodeChallenge-RealEstateTests.release.xcconfig"; path = "Target Support Files/Pods-ViewCodeChallenge-RealEstateTests/Pods-ViewCodeChallenge-RealEstateTests.release.xcconfig"; sourceTree = "<group>"; };
		DD911AD64E3795DDC3B1DEA5 /* Pods_ViewCodeChallenge_RealEstateTests.framework */ = {isa = PBXFileReference; explicitFileType = wrapper.framework; includeInIndex = 0; path = Pods_ViewCodeChallenge_RealEstateTests.framework; sourceTree = BUILT_PRODUCTS_DIR; };
		E5D24EFC275F8E8400E54F9F /* ViewCodeChallenge-RealEstateTests.xctest */ = {isa = PBXFileReference; explicitFileType = wrapper.cfbundle; includeInIndex = 0; path = "ViewCodeChallenge-RealEstateTests.xctest"; sourceTree = BUILT_PRODUCTS_DIR; };
		EB8A3357276100C00085FF8F /* PropertyInfoViewSnapshotTests.swift */ = {isa = PBXFileReference; lastKnownFileType = sourcecode.swift; path = PropertyInfoViewSnapshotTests.swift; sourceTree = "<group>"; };
		EBD7B13327616772004945A4 /* PropertyInfoConfiguration.swift */ = {isa = PBXFileReference; fileEncoding = 4; lastKnownFileType = sourcecode.swift; path = PropertyInfoConfiguration.swift; sourceTree = "<group>"; };
		EBD7B13427616772004945A4 /* PropertyInfoView.swift */ = {isa = PBXFileReference; fileEncoding = 4; lastKnownFileType = sourcecode.swift; path = PropertyInfoView.swift; sourceTree = "<group>"; };
		EBD7B137276167AC004945A4 /* DividerViewSnapshotTests.swift */ = {isa = PBXFileReference; fileEncoding = 4; lastKnownFileType = sourcecode.swift; path = DividerViewSnapshotTests.swift; sourceTree = "<group>"; };
		EE855243731EEC6E244B5179 /* Pods-ViewCodeChallenge-RealEstateTests.debug.xcconfig */ = {isa = PBXFileReference; includeInIndex = 1; lastKnownFileType = text.xcconfig; name = "Pods-ViewCodeChallenge-RealEstateTests.debug.xcconfig"; path = "Target Support Files/Pods-ViewCodeChallenge-RealEstateTests/Pods-ViewCodeChallenge-RealEstateTests.debug.xcconfig"; sourceTree = "<group>"; };
/* End PBXFileReference section */

/* Begin PBXFrameworksBuildPhase section */
		986153C92704EE2B00838CA6 /* Frameworks */ = {
			isa = PBXFrameworksBuildPhase;
			buildActionMask = 2147483647;
			files = (
				BA0E622192F02A954B644344 /* Pods_ViewCodeChallenge_RealEstate.framework in Frameworks */,
			);
			runOnlyForDeploymentPostprocessing = 0;
		};
		E5D24EF9275F8E8400E54F9F /* Frameworks */ = {
			isa = PBXFrameworksBuildPhase;
			buildActionMask = 2147483647;
			files = (
				78BD9057A1FB8D2DBBABB1A1 /* Pods_ViewCodeChallenge_RealEstateTests.framework in Frameworks */,
			);
			runOnlyForDeploymentPostprocessing = 0;
		};
/* End PBXFrameworksBuildPhase section */

/* Begin PBXGroup section */
		2C4BC74E2767F2AF00B37971 /* SwiftGen */ = {
			isa = PBXGroup;
			children = (
				2C4BC74F2767F2E000B37971 /* XCAssets+Generated.swift */,
			);
			path = SwiftGen;
			sourceTree = "<group>";
		};
		5B821DFC275FA2B900E5DFEF /* Components */ = {
			isa = PBXGroup;
			children = (
				B18DAA6E2763A26D0025F963 /* PropertyView */,
				15CD5059276048D50013DA30 /* PropertyDescriptionView.swift */,
				5B821DFD275FA2C600E5DFEF /* DividerView.swift */,
				A2BA38B32761557800E8CAF1 /* ButtonView.swift */,
				5BA12CD427610B000068AE9C /* LoadingView.swift */,
				5BB8193B27605F5600E9A781 /* ContactFormView.swift */,
				B9BB37ED275F9EFB00396B9E /* EmptyView.swift */,
				B1F86D6527618B6300F71304 /* CarouselView */,
				EBD7B13227616772004945A4 /* PropertyInfo */,
			);
			path = Components;
			sourceTree = "<group>";
		};
		5B821E00275FD2FF00E5DFEF /* Utils */ = {
			isa = PBXGroup;
			children = (
				5B821E01275FD31100E5DFEF /* UIViewPreview.swift */,
			);
			path = Utils;
			sourceTree = "<group>";
		};
		5BE2E69427607E38005E5597 /* Extensions */ = {
			isa = PBXGroup;
			children = (
				5BE2E69527607E4E005E5597 /* UITextField+Padding.swift */,
			);
			path = Extensions;
			sourceTree = "<group>";
		};
		980789C9275E8F8E00CED39A /* Settings */ = {
			isa = PBXGroup;
			children = (
				980789CA275E8FAF00CED39A /* Settings.swift */,
			);
			path = Settings;
			sourceTree = "<group>";
		};
		980789CC275E942300CED39A /* Favorites */ = {
			isa = PBXGroup;
			children = (
				980789CD275E943C00CED39A /* FavoritesViewController.swift */,
			);
			path = Favorites;
			sourceTree = "<group>";
		};
		980789D7275EA3BC00CED39A /* Account */ = {
			isa = PBXGroup;
			children = (
				980789D8275EA3C900CED39A /* AccountViewController.swift */,
			);
			path = Account;
			sourceTree = "<group>";
		};
		980789DA275EA3EE00CED39A /* Protocols */ = {
			isa = PBXGroup;
			children = (
				980789DB275EA40200CED39A /* ViewCode.swift */,
			);
			path = Protocols;
			sourceTree = "<group>";
		};
		980C0C062704F1C700F8100A /* DataManager */ = {
			isa = PBXGroup;
			children = (
				980C0C072704F1C700F8100A /* APIClient */,
			);
			path = DataManager;
			sourceTree = "<group>";
		};
		980C0C072704F1C700F8100A /* APIClient */ = {
			isa = PBXGroup;
			children = (
				980C0C0A2704F1C700F8100A /* RealEstateAPIClient.swift */,
			);
			path = APIClient;
			sourceTree = "<group>";
		};
		980C0C172704F1D500F8100A /* Screens */ = {
			isa = PBXGroup;
			children = (
				980C0C182704F1DE00F8100A /* PropertyList */,
				980C0C192704F1E800F8100A /* PropertyDetails */,
				980789CC275E942300CED39A /* Favorites */,
				980789C9275E8F8E00CED39A /* Settings */,
				980789D7275EA3BC00CED39A /* Account */,
				2C37FCF62760DB3200B8BB3D /* TabBarController.swift */,
			);
			path = Screens;
			sourceTree = "<group>";
		};
		980C0C182704F1DE00F8100A /* PropertyList */ = {
			isa = PBXGroup;
			children = (
				986153D32704EE2B00838CA6 /* PropertyListViewController.swift */,
			);
			path = PropertyList;
			sourceTree = "<group>";
		};
		980C0C192704F1E800F8100A /* PropertyDetails */ = {
			isa = PBXGroup;
			children = (
				980C0C1B2704F23E00F8100A /* PropertyDetailsViewController.swift */,
			);
			path = PropertyDetails;
			sourceTree = "<group>";
		};
		980C0C1A2704F1F100F8100A /* AppDelegate */ = {
			isa = PBXGroup;
			children = (
				986153CF2704EE2B00838CA6 /* AppDelegate.swift */,
				986153D12704EE2B00838CA6 /* SceneDelegate.swift */,
			);
			path = AppDelegate;
			sourceTree = "<group>";
		};
		980C0C1D2704F29100F8100A /* Models */ = {
			isa = PBXGroup;
			children = (
				980C0C1E2704F3C400F8100A /* Property.swift */,
			);
			path = Models;
			sourceTree = "<group>";
		};
		986153C32704EE2B00838CA6 = {
			isa = PBXGroup;
			children = (
				2C4BC74B2767F26D00B37971 /* swiftgen.yml */,
				986153CE2704EE2B00838CA6 /* ViewCodeChallenge-RealEstate */,
				E5D24EFD275F8E8400E54F9F /* ViewCodeChallenge-RealEstateTests */,
				986153CD2704EE2B00838CA6 /* Products */,
				A7C45A09BE88FB7633158067 /* Frameworks */,
				AD6E1B54186B28D3B0665D19 /* Pods */,
			);
			sourceTree = "<group>";
		};
		986153CD2704EE2B00838CA6 /* Products */ = {
			isa = PBXGroup;
			children = (
				986153CC2704EE2B00838CA6 /* ViewCodeChallenge-RealEstate.app */,
				E5D24EFC275F8E8400E54F9F /* ViewCodeChallenge-RealEstateTests.xctest */,
			);
			name = Products;
			sourceTree = "<group>";
		};
		986153CE2704EE2B00838CA6 /* ViewCodeChallenge-RealEstate */ = {
			isa = PBXGroup;
			children = (
				980C0C1A2704F1F100F8100A /* AppDelegate */,
				5BE2E69427607E38005E5597 /* Extensions */,
				5B821E00275FD2FF00E5DFEF /* Utils */,
				5B821DFC275FA2B900E5DFEF /* Components */,
				98DAB52E2718BF2300BDC6B8 /* Resources */,
				980C0C172704F1D500F8100A /* Screens */,
				980C0C062704F1C700F8100A /* DataManager */,
				980C0C1D2704F29100F8100A /* Models */,
				980789DA275EA3EE00CED39A /* Protocols */,
			);
			path = "ViewCodeChallenge-RealEstate";
			sourceTree = "<group>";
		};
		98DAB52E2718BF2300BDC6B8 /* Resources */ = {
			isa = PBXGroup;
			children = (
				2C4BC74E2767F2AF00B37971 /* SwiftGen */,
				98DAB5312718CBE400BDC6B8 /* listings.json */,
				986153D82704EE2F00838CA6 /* Assets.xcassets */,
				986153DA2704EE2F00838CA6 /* LaunchScreen.storyboard */,
				986153DD2704EE2F00838CA6 /* Info.plist */,
			);
			path = Resources;
			sourceTree = "<group>";
		};
		A7C45A09BE88FB7633158067 /* Frameworks */ = {
			isa = PBXGroup;
			children = (
				823B14E9BF8057CAC0B47901 /* Pods_ViewCodeChallenge_RealEstate.framework */,
				DD911AD64E3795DDC3B1DEA5 /* Pods_ViewCodeChallenge_RealEstateTests.framework */,
			);
			name = Frameworks;
			sourceTree = "<group>";
		};
		AD6E1B54186B28D3B0665D19 /* Pods */ = {
			isa = PBXGroup;
			children = (
				5CECF823CCAAF6BBED8C9E56 /* Pods-ViewCodeChallenge-RealEstate.debug.xcconfig */,
				9CBFFC21F22F882A8493875E /* Pods-ViewCodeChallenge-RealEstate.release.xcconfig */,
				EE855243731EEC6E244B5179 /* Pods-ViewCodeChallenge-RealEstateTests.debug.xcconfig */,
				C0F77C1694D966A39B35CC75 /* Pods-ViewCodeChallenge-RealEstateTests.release.xcconfig */,
			);
			path = Pods;
			sourceTree = "<group>";
		};
		B18DAA6E2763A26D0025F963 /* PropertyView */ = {
			isa = PBXGroup;
			children = (
				B18DAA6F2763A2A20025F963 /* PropertyTableViewCell.swift */,
			);
			path = PropertyView;
			sourceTree = "<group>";
		};
		B1F86D6527618B6300F71304 /* CarouselView */ = {
			isa = PBXGroup;
			children = (
				B1F86D6727618B6300F71304 /* CarouselView.swift */,
				B1F86D6627618B6300F71304 /* CarouselCollectionViewCell.swift */,
			);
			path = CarouselView;
			sourceTree = "<group>";
		};
		E5D24EFD275F8E8400E54F9F /* ViewCodeChallenge-RealEstateTests */ = {
			isa = PBXGroup;
			children = (
				EB8A33562761003E0085FF8F /* SnapshotTests */,
			);
			path = "ViewCodeChallenge-RealEstateTests";
			sourceTree = "<group>";
		};
		EB8A33562761003E0085FF8F /* SnapshotTests */ = {
			isa = PBXGroup;
			children = (
				A22DB301276464C70057275D /* ButtonViewSnapshotTests.swift */,
				98A281552766CEF600D600BC /* PropertyDescriptionViewTests.swift */,
				B1DE4A3E2762D9AA0091AFD9 /* CarouselView_Tests.swift */,
				5BB0C4242762904300487518 /* ContactFormViewSnapshotTest.swift */,
				EBD7B137276167AC004945A4 /* DividerViewSnapshotTests.swift */,
				B1DE4A402762D9D30091AFD9 /* EmptyViewSnapshotTests.swift */,
				5BB0C4222762900400487518 /* LoadingViewSnapshotTests.swift */,
				EB8A3357276100C00085FF8F /* PropertyInfoViewSnapshotTests.swift */,
				B18DAA712763BC010025F963 /* PropertyTableViewCell_Tests.swift */,
			);
			path = SnapshotTests;
			sourceTree = "<group>";
		};
		EBD7B13227616772004945A4 /* PropertyInfo */ = {
			isa = PBXGroup;
			children = (
				EBD7B13327616772004945A4 /* PropertyInfoConfiguration.swift */,
				EBD7B13427616772004945A4 /* PropertyInfoView.swift */,
			);
			name = PropertyInfo;
			path = "ViewCodeChallenge-RealEstate/Components/PropertyInfo";
			sourceTree = SOURCE_ROOT;
		};
/* End PBXGroup section */

/* Begin PBXNativeTarget section */
		986153CB2704EE2B00838CA6 /* ViewCodeChallenge-RealEstate */ = {
			isa = PBXNativeTarget;
			buildConfigurationList = 986153E02704EE3000838CA6 /* Build configuration list for PBXNativeTarget "ViewCodeChallenge-RealEstate" */;
			buildPhases = (
				3E56C0B5E53897A525B0A66B /* [CP] Check Pods Manifest.lock */,
				2C4BC74D2767F28D00B37971 /* SwiftGen */,
				986153C82704EE2B00838CA6 /* Sources */,
				986153C92704EE2B00838CA6 /* Frameworks */,
				986153CA2704EE2B00838CA6 /* Resources */,
			);
			buildRules = (
			);
			dependencies = (
			);
			name = "ViewCodeChallenge-RealEstate";
			productName = "ViewCodeChallenge-RealEstate";
			productReference = 986153CC2704EE2B00838CA6 /* ViewCodeChallenge-RealEstate.app */;
			productType = "com.apple.product-type.application";
		};
		E5D24EFB275F8E8400E54F9F /* ViewCodeChallenge-RealEstateTests */ = {
			isa = PBXNativeTarget;
			buildConfigurationList = E5D24F04275F8E8400E54F9F /* Build configuration list for PBXNativeTarget "ViewCodeChallenge-RealEstateTests" */;
			buildPhases = (
				5D96A9C4BC4547699B54BDD9 /* [CP] Check Pods Manifest.lock */,
				E5D24EF8275F8E8400E54F9F /* Sources */,
				E5D24EF9275F8E8400E54F9F /* Frameworks */,
				E5D24EFA275F8E8400E54F9F /* Resources */,
				F1915E820059ED34832C85E5 /* [CP] Embed Pods Frameworks */,
			);
			buildRules = (
			);
			dependencies = (
				E5D24F01275F8E8400E54F9F /* PBXTargetDependency */,
			);
			name = "ViewCodeChallenge-RealEstateTests";
			productName = "ViewCodeChallenge-RealEstateTests";
			productReference = E5D24EFC275F8E8400E54F9F /* ViewCodeChallenge-RealEstateTests.xctest */;
			productType = "com.apple.product-type.bundle.unit-test";
		};
/* End PBXNativeTarget section */

/* Begin PBXProject section */
		986153C42704EE2B00838CA6 /* Project object */ = {
			isa = PBXProject;
			attributes = {
				BuildIndependentTargetsInParallel = 1;
				LastSwiftUpdateCheck = 1310;
				LastUpgradeCheck = 1300;
				TargetAttributes = {
					986153CB2704EE2B00838CA6 = {
						CreatedOnToolsVersion = 13.0;
					};
					E5D24EFB275F8E8400E54F9F = {
						CreatedOnToolsVersion = 13.1;
						TestTargetID = 986153CB2704EE2B00838CA6;
					};
				};
			};
			buildConfigurationList = 986153C72704EE2B00838CA6 /* Build configuration list for PBXProject "ViewCodeChallenge-RealEstate" */;
			compatibilityVersion = "Xcode 12.0";
			developmentRegion = en;
			hasScannedForEncodings = 0;
			knownRegions = (
				en,
				Base,
			);
			mainGroup = 986153C32704EE2B00838CA6;
			productRefGroup = 986153CD2704EE2B00838CA6 /* Products */;
			projectDirPath = "";
			projectRoot = "";
			targets = (
				986153CB2704EE2B00838CA6 /* ViewCodeChallenge-RealEstate */,
				E5D24EFB275F8E8400E54F9F /* ViewCodeChallenge-RealEstateTests */,
			);
		};
/* End PBXProject section */

/* Begin PBXResourcesBuildPhase section */
		986153CA2704EE2B00838CA6 /* Resources */ = {
			isa = PBXResourcesBuildPhase;
			buildActionMask = 2147483647;
			files = (
				986153DC2704EE2F00838CA6 /* LaunchScreen.storyboard in Resources */,
				986153D92704EE2F00838CA6 /* Assets.xcassets in Resources */,
				98DAB5322718CBE400BDC6B8 /* listings.json in Resources */,
				2C4BC74C2767F26D00B37971 /* swiftgen.yml in Resources */,
			);
			runOnlyForDeploymentPostprocessing = 0;
		};
		E5D24EFA275F8E8400E54F9F /* Resources */ = {
			isa = PBXResourcesBuildPhase;
			buildActionMask = 2147483647;
			files = (
			);
			runOnlyForDeploymentPostprocessing = 0;
		};
/* End PBXResourcesBuildPhase section */

/* Begin PBXShellScriptBuildPhase section */
		2C4BC74D2767F28D00B37971 /* SwiftGen */ = {
			isa = PBXShellScriptBuildPhase;
			buildActionMask = 2147483647;
			files = (
			);
			inputFileListPaths = (
			);
			inputPaths = (
			);
			name = SwiftGen;
			outputFileListPaths = (
			);
			outputPaths = (
			);
			runOnlyForDeploymentPostprocessing = 0;
			shellPath = /bin/sh;
			shellScript = "if [[ -f \"${PODS_ROOT}/SwiftGen/bin/swiftgen\" ]]; then\n  \"${PODS_ROOT}/SwiftGen/bin/swiftgen\"\nelse\n  echo \"warning: SwiftGen is not installed. Run 'pod install --repo-update' to install it.\"\nfi \n";
		};
		3E56C0B5E53897A525B0A66B /* [CP] Check Pods Manifest.lock */ = {
			isa = PBXShellScriptBuildPhase;
			buildActionMask = 2147483647;
			files = (
			);
			inputFileListPaths = (
			);
			inputPaths = (
				"${PODS_PODFILE_DIR_PATH}/Podfile.lock",
				"${PODS_ROOT}/Manifest.lock",
			);
			name = "[CP] Check Pods Manifest.lock";
			outputFileListPaths = (
			);
			outputPaths = (
				"$(DERIVED_FILE_DIR)/Pods-ViewCodeChallenge-RealEstate-checkManifestLockResult.txt",
			);
			runOnlyForDeploymentPostprocessing = 0;
			shellPath = /bin/sh;
			shellScript = "diff \"${PODS_PODFILE_DIR_PATH}/Podfile.lock\" \"${PODS_ROOT}/Manifest.lock\" > /dev/null\nif [ $? != 0 ] ; then\n    # print error to STDERR\n    echo \"error: The sandbox is not in sync with the Podfile.lock. Run 'pod install' or update your CocoaPods installation.\" >&2\n    exit 1\nfi\n# This output is used by Xcode 'outputs' to avoid re-running this script phase.\necho \"SUCCESS\" > \"${SCRIPT_OUTPUT_FILE_0}\"\n";
			showEnvVarsInLog = 0;
		};
		5D96A9C4BC4547699B54BDD9 /* [CP] Check Pods Manifest.lock */ = {
			isa = PBXShellScriptBuildPhase;
			buildActionMask = 2147483647;
			files = (
			);
			inputFileListPaths = (
			);
			inputPaths = (
				"${PODS_PODFILE_DIR_PATH}/Podfile.lock",
				"${PODS_ROOT}/Manifest.lock",
			);
			name = "[CP] Check Pods Manifest.lock";
			outputFileListPaths = (
			);
			outputPaths = (
				"$(DERIVED_FILE_DIR)/Pods-ViewCodeChallenge-RealEstateTests-checkManifestLockResult.txt",
			);
			runOnlyForDeploymentPostprocessing = 0;
			shellPath = /bin/sh;
			shellScript = "diff \"${PODS_PODFILE_DIR_PATH}/Podfile.lock\" \"${PODS_ROOT}/Manifest.lock\" > /dev/null\nif [ $? != 0 ] ; then\n    # print error to STDERR\n    echo \"error: The sandbox is not in sync with the Podfile.lock. Run 'pod install' or update your CocoaPods installation.\" >&2\n    exit 1\nfi\n# This output is used by Xcode 'outputs' to avoid re-running this script phase.\necho \"SUCCESS\" > \"${SCRIPT_OUTPUT_FILE_0}\"\n";
			showEnvVarsInLog = 0;
		};
		F1915E820059ED34832C85E5 /* [CP] Embed Pods Frameworks */ = {
			isa = PBXShellScriptBuildPhase;
			buildActionMask = 2147483647;
			files = (
			);
			inputFileListPaths = (
				"${PODS_ROOT}/Target Support Files/Pods-ViewCodeChallenge-RealEstateTests/Pods-ViewCodeChallenge-RealEstateTests-frameworks-${CONFIGURATION}-input-files.xcfilelist",
			);
			name = "[CP] Embed Pods Frameworks";
			outputFileListPaths = (
				"${PODS_ROOT}/Target Support Files/Pods-ViewCodeChallenge-RealEstateTests/Pods-ViewCodeChallenge-RealEstateTests-frameworks-${CONFIGURATION}-output-files.xcfilelist",
			);
			runOnlyForDeploymentPostprocessing = 0;
			shellPath = /bin/sh;
			shellScript = "\"${PODS_ROOT}/Target Support Files/Pods-ViewCodeChallenge-RealEstateTests/Pods-ViewCodeChallenge-RealEstateTests-frameworks.sh\"\n";
			showEnvVarsInLog = 0;
		};
/* End PBXShellScriptBuildPhase section */

/* Begin PBXSourcesBuildPhase section */
		986153C82704EE2B00838CA6 /* Sources */ = {
			isa = PBXSourcesBuildPhase;
			buildActionMask = 2147483647;
			files = (
				5B821DFE275FA2C600E5DFEF /* DividerView.swift in Sources */,
				986153D42704EE2B00838CA6 /* PropertyListViewController.swift in Sources */,
				980789DC275EA40200CED39A /* ViewCode.swift in Sources */,
				2C37FCF72760DB3200B8BB3D /* TabBarController.swift in Sources */,
				B9BB37EE275F9EFB00396B9E /* EmptyView.swift in Sources */,
				980C0C1F2704F3C400F8100A /* Property.swift in Sources */,
				980789CE275E943D00CED39A /* FavoritesViewController.swift in Sources */,
				5B821E02275FD31100E5DFEF /* UIViewPreview.swift in Sources */,
				B1F86D6927618B6300F71304 /* CarouselView.swift in Sources */,
				986153D02704EE2B00838CA6 /* AppDelegate.swift in Sources */,
				EBD7B13527616772004945A4 /* PropertyInfoConfiguration.swift in Sources */,
				986153D22704EE2B00838CA6 /* SceneDelegate.swift in Sources */,
				980789CB275E8FAF00CED39A /* Settings.swift in Sources */,
				A2BA38B42761557800E8CAF1 /* ButtonView.swift in Sources */,
				980C0C1C2704F23E00F8100A /* PropertyDetailsViewController.swift in Sources */,
				15CD505A276048D50013DA30 /* PropertyDescriptionView.swift in Sources */,
				B1F86D6827618B6300F71304 /* CarouselCollectionViewCell.swift in Sources */,
				B18DAA702763A2A20025F963 /* PropertyTableViewCell.swift in Sources */,
				5BB8193C27605F5600E9A781 /* ContactFormView.swift in Sources */,
				5BE2E69627607E4E005E5597 /* UITextField+Padding.swift in Sources */,
				2C4BC7502767F2E000B37971 /* XCAssets+Generated.swift in Sources */,
				980C0C112704F1C700F8100A /* RealEstateAPIClient.swift in Sources */,
				5BA12CD527610B000068AE9C /* LoadingView.swift in Sources */,
				EBD7B13627616772004945A4 /* PropertyInfoView.swift in Sources */,
				980789D9275EA3C900CED39A /* AccountViewController.swift in Sources */,
			);
			runOnlyForDeploymentPostprocessing = 0;
		};
		E5D24EF8275F8E8400E54F9F /* Sources */ = {
			isa = PBXSourcesBuildPhase;
			buildActionMask = 2147483647;
			files = (
				A22DB302276464C70057275D /* ButtonViewSnapshotTests.swift in Sources */,
				B1DE4A3F2762D9AA0091AFD9 /* CarouselView_Tests.swift in Sources */,
				5BB0C4232762900400487518 /* LoadingViewSnapshotTests.swift in Sources */,
				B18DAA722763BC010025F963 /* PropertyTableViewCell_Tests.swift in Sources */,
				98A281562766CEF600D600BC /* PropertyDescriptionViewTests.swift in Sources */,
				5BB0C4252762904300487518 /* ContactFormViewSnapshotTest.swift in Sources */,
				EBD7B138276167AC004945A4 /* DividerViewSnapshotTests.swift in Sources */,
				A22DB303276466830057275D /* EmptyViewSnapshotTests.swift in Sources */,
				EB8A3358276100C00085FF8F /* PropertyInfoViewSnapshotTests.swift in Sources */,
			);
			runOnlyForDeploymentPostprocessing = 0;
		};
/* End PBXSourcesBuildPhase section */

/* Begin PBXTargetDependency section */
		E5D24F01275F8E8400E54F9F /* PBXTargetDependency */ = {
			isa = PBXTargetDependency;
			target = 986153CB2704EE2B00838CA6 /* ViewCodeChallenge-RealEstate */;
			targetProxy = E5D24F00275F8E8400E54F9F /* PBXContainerItemProxy */;
		};
/* End PBXTargetDependency section */

/* Begin PBXVariantGroup section */
		986153DA2704EE2F00838CA6 /* LaunchScreen.storyboard */ = {
			isa = PBXVariantGroup;
			children = (
				986153DB2704EE2F00838CA6 /* Base */,
			);
			name = LaunchScreen.storyboard;
			sourceTree = "<group>";
		};
/* End PBXVariantGroup section */

/* Begin XCBuildConfiguration section */
		986153DE2704EE2F00838CA6 /* Debug */ = {
			isa = XCBuildConfiguration;
			buildSettings = {
				ALWAYS_SEARCH_USER_PATHS = NO;
				CLANG_ANALYZER_NONNULL = YES;
				CLANG_ANALYZER_NUMBER_OBJECT_CONVERSION = YES_AGGRESSIVE;
				CLANG_CXX_LANGUAGE_STANDARD = "gnu++17";
				CLANG_CXX_LIBRARY = "libc++";
				CLANG_ENABLE_MODULES = YES;
				CLANG_ENABLE_OBJC_ARC = YES;
				CLANG_ENABLE_OBJC_WEAK = YES;
				CLANG_WARN_BLOCK_CAPTURE_AUTORELEASING = YES;
				CLANG_WARN_BOOL_CONVERSION = YES;
				CLANG_WARN_COMMA = YES;
				CLANG_WARN_CONSTANT_CONVERSION = YES;
				CLANG_WARN_DEPRECATED_OBJC_IMPLEMENTATIONS = YES;
				CLANG_WARN_DIRECT_OBJC_ISA_USAGE = YES_ERROR;
				CLANG_WARN_DOCUMENTATION_COMMENTS = YES;
				CLANG_WARN_EMPTY_BODY = YES;
				CLANG_WARN_ENUM_CONVERSION = YES;
				CLANG_WARN_INFINITE_RECURSION = YES;
				CLANG_WARN_INT_CONVERSION = YES;
				CLANG_WARN_NON_LITERAL_NULL_CONVERSION = YES;
				CLANG_WARN_OBJC_IMPLICIT_RETAIN_SELF = YES;
				CLANG_WARN_OBJC_LITERAL_CONVERSION = YES;
				CLANG_WARN_OBJC_ROOT_CLASS = YES_ERROR;
				CLANG_WARN_QUOTED_INCLUDE_IN_FRAMEWORK_HEADER = YES;
				CLANG_WARN_RANGE_LOOP_ANALYSIS = YES;
				CLANG_WARN_STRICT_PROTOTYPES = YES;
				CLANG_WARN_SUSPICIOUS_MOVE = YES;
				CLANG_WARN_UNGUARDED_AVAILABILITY = YES_AGGRESSIVE;
				CLANG_WARN_UNREACHABLE_CODE = YES;
				CLANG_WARN__DUPLICATE_METHOD_MATCH = YES;
				COPY_PHASE_STRIP = NO;
				DEBUG_INFORMATION_FORMAT = dwarf;
				ENABLE_STRICT_OBJC_MSGSEND = YES;
				ENABLE_TESTABILITY = YES;
				GCC_C_LANGUAGE_STANDARD = gnu11;
				GCC_DYNAMIC_NO_PIC = NO;
				GCC_NO_COMMON_BLOCKS = YES;
				GCC_OPTIMIZATION_LEVEL = 0;
				GCC_PREPROCESSOR_DEFINITIONS = (
					"DEBUG=1",
					"$(inherited)",
				);
				GCC_WARN_64_TO_32_BIT_CONVERSION = YES;
				GCC_WARN_ABOUT_RETURN_TYPE = YES_ERROR;
				GCC_WARN_UNDECLARED_SELECTOR = YES;
				GCC_WARN_UNINITIALIZED_AUTOS = YES_AGGRESSIVE;
				GCC_WARN_UNUSED_FUNCTION = YES;
				GCC_WARN_UNUSED_VARIABLE = YES;
				IPHONEOS_DEPLOYMENT_TARGET = 15.0;
				MTL_ENABLE_DEBUG_INFO = INCLUDE_SOURCE;
				MTL_FAST_MATH = YES;
				ONLY_ACTIVE_ARCH = YES;
				SDKROOT = iphoneos;
				SWIFT_ACTIVE_COMPILATION_CONDITIONS = DEBUG;
				SWIFT_OPTIMIZATION_LEVEL = "-Onone";
			};
			name = Debug;
		};
		986153DF2704EE2F00838CA6 /* Release */ = {
			isa = XCBuildConfiguration;
			buildSettings = {
				ALWAYS_SEARCH_USER_PATHS = NO;
				CLANG_ANALYZER_NONNULL = YES;
				CLANG_ANALYZER_NUMBER_OBJECT_CONVERSION = YES_AGGRESSIVE;
				CLANG_CXX_LANGUAGE_STANDARD = "gnu++17";
				CLANG_CXX_LIBRARY = "libc++";
				CLANG_ENABLE_MODULES = YES;
				CLANG_ENABLE_OBJC_ARC = YES;
				CLANG_ENABLE_OBJC_WEAK = YES;
				CLANG_WARN_BLOCK_CAPTURE_AUTORELEASING = YES;
				CLANG_WARN_BOOL_CONVERSION = YES;
				CLANG_WARN_COMMA = YES;
				CLANG_WARN_CONSTANT_CONVERSION = YES;
				CLANG_WARN_DEPRECATED_OBJC_IMPLEMENTATIONS = YES;
				CLANG_WARN_DIRECT_OBJC_ISA_USAGE = YES_ERROR;
				CLANG_WARN_DOCUMENTATION_COMMENTS = YES;
				CLANG_WARN_EMPTY_BODY = YES;
				CLANG_WARN_ENUM_CONVERSION = YES;
				CLANG_WARN_INFINITE_RECURSION = YES;
				CLANG_WARN_INT_CONVERSION = YES;
				CLANG_WARN_NON_LITERAL_NULL_CONVERSION = YES;
				CLANG_WARN_OBJC_IMPLICIT_RETAIN_SELF = YES;
				CLANG_WARN_OBJC_LITERAL_CONVERSION = YES;
				CLANG_WARN_OBJC_ROOT_CLASS = YES_ERROR;
				CLANG_WARN_QUOTED_INCLUDE_IN_FRAMEWORK_HEADER = YES;
				CLANG_WARN_RANGE_LOOP_ANALYSIS = YES;
				CLANG_WARN_STRICT_PROTOTYPES = YES;
				CLANG_WARN_SUSPICIOUS_MOVE = YES;
				CLANG_WARN_UNGUARDED_AVAILABILITY = YES_AGGRESSIVE;
				CLANG_WARN_UNREACHABLE_CODE = YES;
				CLANG_WARN__DUPLICATE_METHOD_MATCH = YES;
				COPY_PHASE_STRIP = NO;
				DEBUG_INFORMATION_FORMAT = "dwarf-with-dsym";
				ENABLE_NS_ASSERTIONS = NO;
				ENABLE_STRICT_OBJC_MSGSEND = YES;
				GCC_C_LANGUAGE_STANDARD = gnu11;
				GCC_NO_COMMON_BLOCKS = YES;
				GCC_WARN_64_TO_32_BIT_CONVERSION = YES;
				GCC_WARN_ABOUT_RETURN_TYPE = YES_ERROR;
				GCC_WARN_UNDECLARED_SELECTOR = YES;
				GCC_WARN_UNINITIALIZED_AUTOS = YES_AGGRESSIVE;
				GCC_WARN_UNUSED_FUNCTION = YES;
				GCC_WARN_UNUSED_VARIABLE = YES;
				IPHONEOS_DEPLOYMENT_TARGET = 15.0;
				MTL_ENABLE_DEBUG_INFO = NO;
				MTL_FAST_MATH = YES;
				SDKROOT = iphoneos;
				SWIFT_COMPILATION_MODE = wholemodule;
				SWIFT_OPTIMIZATION_LEVEL = "-O";
				VALIDATE_PRODUCT = YES;
			};
			name = Release;
		};
		986153E12704EE3000838CA6 /* Debug */ = {
			isa = XCBuildConfiguration;
			baseConfigurationReference = 5CECF823CCAAF6BBED8C9E56 /* Pods-ViewCodeChallenge-RealEstate.debug.xcconfig */;
			buildSettings = {
				ASSETCATALOG_COMPILER_APPICON_NAME = AppIcon;
				ASSETCATALOG_COMPILER_GLOBAL_ACCENT_COLOR_NAME = AccentColor;
				CODE_SIGN_STYLE = Automatic;
				CURRENT_PROJECT_VERSION = 1;
				DEVELOPMENT_TEAM = C97V5ZU9S5;
				GENERATE_INFOPLIST_FILE = YES;
				INFOPLIST_FILE = "ViewCodeChallenge-RealEstate/Resources/Info.plist";
				INFOPLIST_KEY_UIApplicationSupportsIndirectInputEvents = YES;
				INFOPLIST_KEY_UILaunchStoryboardName = LaunchScreen;
				INFOPLIST_KEY_UISupportedInterfaceOrientations_iPad = "UIInterfaceOrientationPortrait UIInterfaceOrientationPortraitUpsideDown UIInterfaceOrientationLandscapeLeft UIInterfaceOrientationLandscapeRight";
				INFOPLIST_KEY_UISupportedInterfaceOrientations_iPhone = "UIInterfaceOrientationPortrait UIInterfaceOrientationLandscapeLeft UIInterfaceOrientationLandscapeRight";
				LD_RUNPATH_SEARCH_PATHS = (
					"$(inherited)",
					"@executable_path/Frameworks",
				);
				MARKETING_VERSION = 1.0;
				PRODUCT_BUNDLE_IDENTIFIER = "com.devpass.ViewCodeChallenge-RealEstate";
				PRODUCT_NAME = "$(TARGET_NAME)";
				SWIFT_EMIT_LOC_STRINGS = YES;
				SWIFT_VERSION = 5.0;
				TARGETED_DEVICE_FAMILY = "1,2";
			};
			name = Debug;
		};
		986153E22704EE3000838CA6 /* Release */ = {
			isa = XCBuildConfiguration;
			baseConfigurationReference = 9CBFFC21F22F882A8493875E /* Pods-ViewCodeChallenge-RealEstate.release.xcconfig */;
			buildSettings = {
				ASSETCATALOG_COMPILER_APPICON_NAME = AppIcon;
				ASSETCATALOG_COMPILER_GLOBAL_ACCENT_COLOR_NAME = AccentColor;
				CODE_SIGN_STYLE = Automatic;
				CURRENT_PROJECT_VERSION = 1;
				DEVELOPMENT_TEAM = C97V5ZU9S5;
				GENERATE_INFOPLIST_FILE = YES;
				INFOPLIST_FILE = "ViewCodeChallenge-RealEstate/Resources/Info.plist";
				INFOPLIST_KEY_UIApplicationSupportsIndirectInputEvents = YES;
				INFOPLIST_KEY_UILaunchStoryboardName = LaunchScreen;
				INFOPLIST_KEY_UISupportedInterfaceOrientations_iPad = "UIInterfaceOrientationPortrait UIInterfaceOrientationPortraitUpsideDown UIInterfaceOrientationLandscapeLeft UIInterfaceOrientationLandscapeRight";
				INFOPLIST_KEY_UISupportedInterfaceOrientations_iPhone = "UIInterfaceOrientationPortrait UIInterfaceOrientationLandscapeLeft UIInterfaceOrientationLandscapeRight";
				LD_RUNPATH_SEARCH_PATHS = (
					"$(inherited)",
					"@executable_path/Frameworks",
				);
				MARKETING_VERSION = 1.0;
				PRODUCT_BUNDLE_IDENTIFIER = "com.devpass.ViewCodeChallenge-RealEstate";
				PRODUCT_NAME = "$(TARGET_NAME)";
				SWIFT_EMIT_LOC_STRINGS = YES;
				SWIFT_VERSION = 5.0;
				TARGETED_DEVICE_FAMILY = "1,2";
			};
			name = Release;
		};
		E5D24F02275F8E8400E54F9F /* Debug */ = {
			isa = XCBuildConfiguration;
			baseConfigurationReference = EE855243731EEC6E244B5179 /* Pods-ViewCodeChallenge-RealEstateTests.debug.xcconfig */;
			buildSettings = {
				BUNDLE_LOADER = "$(TEST_HOST)";
				CODE_SIGN_STYLE = Automatic;
				CURRENT_PROJECT_VERSION = 1;
				DEVELOPMENT_TEAM = S438V552C2;
				GENERATE_INFOPLIST_FILE = YES;
				LD_RUNPATH_SEARCH_PATHS = (
					"$(inherited)",
					"@executable_path/Frameworks",
					"@loader_path/Frameworks",
				);
				MARKETING_VERSION = 1.0;
				PRODUCT_BUNDLE_IDENTIFIER = "FabioMartinez.ViewCodeChallenge-RealEstateTests";
				PRODUCT_NAME = "$(TARGET_NAME)";
				SWIFT_EMIT_LOC_STRINGS = NO;
				SWIFT_VERSION = 5.0;
				TARGETED_DEVICE_FAMILY = "1,2";
				TEST_HOST = "$(BUILT_PRODUCTS_DIR)/ViewCodeChallenge-RealEstate.app/ViewCodeChallenge-RealEstate";
			};
			name = Debug;
		};
		E5D24F03275F8E8400E54F9F /* Release */ = {
			isa = XCBuildConfiguration;
			baseConfigurationReference = C0F77C1694D966A39B35CC75 /* Pods-ViewCodeChallenge-RealEstateTests.release.xcconfig */;
			buildSettings = {
				BUNDLE_LOADER = "$(TEST_HOST)";
				CODE_SIGN_STYLE = Automatic;
				CURRENT_PROJECT_VERSION = 1;
				DEVELOPMENT_TEAM = S438V552C2;
				GENERATE_INFOPLIST_FILE = YES;
				LD_RUNPATH_SEARCH_PATHS = (
					"$(inherited)",
					"@executable_path/Frameworks",
					"@loader_path/Frameworks",
				);
				MARKETING_VERSION = 1.0;
				PRODUCT_BUNDLE_IDENTIFIER = "FabioMartinez.ViewCodeChallenge-RealEstateTests";
				PRODUCT_NAME = "$(TARGET_NAME)";
				SWIFT_EMIT_LOC_STRINGS = NO;
				SWIFT_VERSION = 5.0;
				TARGETED_DEVICE_FAMILY = "1,2";
				TEST_HOST = "$(BUILT_PRODUCTS_DIR)/ViewCodeChallenge-RealEstate.app/ViewCodeChallenge-RealEstate";
			};
			name = Release;
		};
/* End XCBuildConfiguration section */

/* Begin XCConfigurationList section */
		986153C72704EE2B00838CA6 /* Build configuration list for PBXProject "ViewCodeChallenge-RealEstate" */ = {
			isa = XCConfigurationList;
			buildConfigurations = (
				986153DE2704EE2F00838CA6 /* Debug */,
				986153DF2704EE2F00838CA6 /* Release */,
			);
			defaultConfigurationIsVisible = 0;
			defaultConfigurationName = Release;
		};
		986153E02704EE3000838CA6 /* Build configuration list for PBXNativeTarget "ViewCodeChallenge-RealEstate" */ = {
			isa = XCConfigurationList;
			buildConfigurations = (
				986153E12704EE3000838CA6 /* Debug */,
				986153E22704EE3000838CA6 /* Release */,
			);
			defaultConfigurationIsVisible = 0;
			defaultConfigurationName = Release;
		};
		E5D24F04275F8E8400E54F9F /* Build configuration list for PBXNativeTarget "ViewCodeChallenge-RealEstateTests" */ = {
			isa = XCConfigurationList;
			buildConfigurations = (
				E5D24F02275F8E8400E54F9F /* Debug */,
				E5D24F03275F8E8400E54F9F /* Release */,
			);
			defaultConfigurationIsVisible = 0;
			defaultConfigurationName = Release;
		};
/* End XCConfigurationList section */
	};
	rootObject = 986153C42704EE2B00838CA6 /* Project object */;
}
