// !$*UTF8*$!
{
	archiveVersion = 1;
	classes = {
	};
	objectVersion = 55;
	objects = {

/* Begin PBXBuildFile section */
		7F4F120A35DBE76C22DB97C3 /* Pods_RealEstateAppTests.framework in Frameworks */ = {isa = PBXBuildFile; fileRef = EE7E225F7AB6E1954A5345B3 /* Pods_RealEstateAppTests.framework */; };
		870D527328229BAA00ADB91C /* DividerView.swift in Sources */ = {isa = PBXBuildFile; fileRef = 870D527228229BAA00ADB91C /* DividerView.swift */; };
		870D527728229CDE00ADB91C /* DividerViewTest.swift in Sources */ = {isa = PBXBuildFile; fileRef = 870D527628229CDE00ADB91C /* DividerViewTest.swift */; };
		87393F03282C44A70044AFBA /* LoadingViewTest.swift in Sources */ = {isa = PBXBuildFile; fileRef = 87393F02282C44A70044AFBA /* LoadingViewTest.swift */; };
		87EF9B6C282B226F00E9A6E3 /* LoadingView.swift in Sources */ = {isa = PBXBuildFile; fileRef = 87EF9B6B282B226F00E9A6E3 /* LoadingView.swift */; };
		8710E25E2823ED5A00C67702 /* PropertyDescriptionViewController.swift in Sources */ = {isa = PBXBuildFile; fileRef = 8710E25D2823ED5A00C67702 /* PropertyDescriptionViewController.swift */; };
		8710E2602823ED5F00C67702 /* PropertyDescriptionView.swift in Sources */ = {isa = PBXBuildFile; fileRef = 8710E25F2823ED5F00C67702 /* PropertyDescriptionView.swift */; };
		8716759728253D6400E7E77D /* ContactFormView.swift in Sources */ = {isa = PBXBuildFile; fileRef = 8716759628253D6400E7E77D /* ContactFormView.swift */; };
		871C550C282D745100061D10 /* MapLocationView.swift in Sources */ = {isa = PBXBuildFile; fileRef = 871C550B282D745100061D10 /* MapLocationView.swift */; };
		871C5518282D9B5A00061D10 /* EmptyView.swift in Sources */ = {isa = PBXBuildFile; fileRef = 871C5517282D9B5A00061D10 /* EmptyView.swift */; };
		871C551A282DA00800061D10 /* EmptyViewTest.swift in Sources */ = {isa = PBXBuildFile; fileRef = 871C5519282DA00800061D10 /* EmptyViewTest.swift */; };
		872745942829494E00AA5221 /* CarouselView.swift in Sources */ = {isa = PBXBuildFile; fileRef = 872745932829494E00AA5221 /* CarouselView.swift */; };
		8727459628294ADF00AA5221 /* CarouselCell.swift in Sources */ = {isa = PBXBuildFile; fileRef = 8727459528294ADF00AA5221 /* CarouselCell.swift */; };
		8727459A282960BF00AA5221 /* CarouselViewTest.swift in Sources */ = {isa = PBXBuildFile; fileRef = 87274599282960BF00AA5221 /* CarouselViewTest.swift */; };
		87326C2C282BE85600E8C11B /* PropertyDescriptionViewComponent.swift in Sources */ = {isa = PBXBuildFile; fileRef = 87326C2B282BE85600E8C11B /* PropertyDescriptionViewComponent.swift */; };
		87326C2E282C064800E8C11B /* PropertyDescriptionViewTest.swift in Sources */ = {isa = PBXBuildFile; fileRef = 87326C2D282C064800E8C11B /* PropertyDescriptionViewTest.swift */; };
		87C59C6F282AA31300BB862E /* LoginView.swift in Sources */ = {isa = PBXBuildFile; fileRef = 87C59C6E282AA31300BB862E /* LoginView.swift */; };
		87E92D1A28240FC5003A4901 /* PropertyDescriptionTest.swift in Sources */ = {isa = PBXBuildFile; fileRef = 87E92D1928240FC5003A4901 /* PropertyDescriptionTest.swift */; };
		87F01973282C31FE00F3C634 /* LoginViewTests.swift in Sources */ = {isa = PBXBuildFile; fileRef = 87F01972282C31FE00F3C634 /* LoginViewTests.swift */; };
		87FACFEB282300C200CDA67E /* ContactFormViewTest.swift in Sources */ = {isa = PBXBuildFile; fileRef = 87FACFEA282300C200CDA67E /* ContactFormViewTest.swift */; };
		980789CB275E8FAF00CED39A /* Settings.swift in Sources */ = {isa = PBXBuildFile; fileRef = 980789CA275E8FAF00CED39A /* Settings.swift */; };
		980789CE275E943D00CED39A /* FavoritesViewController.swift in Sources */ = {isa = PBXBuildFile; fileRef = 980789CD275E943C00CED39A /* FavoritesViewController.swift */; };
		980789D9275EA3C900CED39A /* AccountViewController.swift in Sources */ = {isa = PBXBuildFile; fileRef = 980789D8275EA3C900CED39A /* AccountViewController.swift */; };
		980789DC275EA40200CED39A /* ViewCode.swift in Sources */ = {isa = PBXBuildFile; fileRef = 980789DB275EA40200CED39A /* ViewCode.swift */; };
		980C0C112704F1C700F8100A /* RealEstateAPIClient.swift in Sources */ = {isa = PBXBuildFile; fileRef = 980C0C0A2704F1C700F8100A /* RealEstateAPIClient.swift */; };
		980C0C1C2704F23E00F8100A /* PropertyDetailsViewController.swift in Sources */ = {isa = PBXBuildFile; fileRef = 980C0C1B2704F23E00F8100A /* PropertyDetailsViewController.swift */; };
		980C0C1F2704F3C400F8100A /* Property.swift in Sources */ = {isa = PBXBuildFile; fileRef = 980C0C1E2704F3C400F8100A /* Property.swift */; };
		9841E71B27D68748005A67DC /* RealEstateAppTests.swift in Sources */ = {isa = PBXBuildFile; fileRef = 9841E71A27D68748005A67DC /* RealEstateAppTests.swift */; };
		9841E72327D687D6005A67DC /* DebugViewController.swift in Sources */ = {isa = PBXBuildFile; fileRef = 9841E72227D687D6005A67DC /* DebugViewController.swift */; };
		986153D02704EE2B00838CA6 /* AppDelegate.swift in Sources */ = {isa = PBXBuildFile; fileRef = 986153CF2704EE2B00838CA6 /* AppDelegate.swift */; };
		986153D22704EE2B00838CA6 /* SceneDelegate.swift in Sources */ = {isa = PBXBuildFile; fileRef = 986153D12704EE2B00838CA6 /* SceneDelegate.swift */; };
		986153D42704EE2B00838CA6 /* PropertyListViewController.swift in Sources */ = {isa = PBXBuildFile; fileRef = 986153D32704EE2B00838CA6 /* PropertyListViewController.swift */; };
		986153D92704EE2F00838CA6 /* Assets.xcassets in Resources */ = {isa = PBXBuildFile; fileRef = 986153D82704EE2F00838CA6 /* Assets.xcassets */; };
		986153DC2704EE2F00838CA6 /* LaunchScreen.storyboard in Resources */ = {isa = PBXBuildFile; fileRef = 986153DA2704EE2F00838CA6 /* LaunchScreen.storyboard */; };
		98DAB5322718CBE400BDC6B8 /* listings.json in Resources */ = {isa = PBXBuildFile; fileRef = 98DAB5312718CBE400BDC6B8 /* listings.json */; };
		C5A581E428247303006ED869 /* __Snapshots__ in Resources */ = {isa = PBXBuildFile; fileRef = C5A581E328247303006ED869 /* __Snapshots__ */; };
		D51D05E486E13B0231AA4390 /* Pods_RealEstateApp.framework in Frameworks */ = {isa = PBXBuildFile; fileRef = B85988EAA6C1BBE05B7A1A67 /* Pods_RealEstateApp.framework */; };
/* End PBXBuildFile section */

/* Begin PBXContainerItemProxy section */
		9841E71C27D68748005A67DC /* PBXContainerItemProxy */ = {
			isa = PBXContainerItemProxy;
			containerPortal = 986153C42704EE2B00838CA6 /* Project object */;
			proxyType = 1;
			remoteGlobalIDString = 986153CB2704EE2B00838CA6;
			remoteInfo = RealEstateApp;
		};
/* End PBXContainerItemProxy section */

/* Begin PBXFileReference section */
		17504FA7A5C5927AEB83D49E /* Pods-RealEstateApp.debug.xcconfig */ = {isa = PBXFileReference; includeInIndex = 1; lastKnownFileType = text.xcconfig; name = "Pods-RealEstateApp.debug.xcconfig"; path = "Target Support Files/Pods-RealEstateApp/Pods-RealEstateApp.debug.xcconfig"; sourceTree = "<group>"; };
		68BBE62A95EEF51FD1332B6D /* Pods-RealEstateAppTests.release.xcconfig */ = {isa = PBXFileReference; includeInIndex = 1; lastKnownFileType = text.xcconfig; name = "Pods-RealEstateAppTests.release.xcconfig"; path = "Target Support Files/Pods-RealEstateAppTests/Pods-RealEstateAppTests.release.xcconfig"; sourceTree = "<group>"; };
		870D527228229BAA00ADB91C /* DividerView.swift */ = {isa = PBXFileReference; lastKnownFileType = sourcecode.swift; path = DividerView.swift; sourceTree = "<group>"; };
		870D527628229CDE00ADB91C /* DividerViewTest.swift */ = {isa = PBXFileReference; lastKnownFileType = sourcecode.swift; path = DividerViewTest.swift; sourceTree = "<group>"; };
		87393F02282C44A70044AFBA /* LoadingViewTest.swift */ = {isa = PBXFileReference; lastKnownFileType = sourcecode.swift; path = LoadingViewTest.swift; sourceTree = "<group>"; };
		87EF9B6B282B226F00E9A6E3 /* LoadingView.swift */ = {isa = PBXFileReference; lastKnownFileType = sourcecode.swift; path = LoadingView.swift; sourceTree = "<group>"; };
		8710E25D2823ED5A00C67702 /* PropertyDescriptionViewController.swift */ = {isa = PBXFileReference; lastKnownFileType = sourcecode.swift; path = PropertyDescriptionViewController.swift; sourceTree = "<group>"; };
		8710E25F2823ED5F00C67702 /* PropertyDescriptionView.swift */ = {isa = PBXFileReference; lastKnownFileType = sourcecode.swift; path = PropertyDescriptionView.swift; sourceTree = "<group>"; };
		8716759628253D6400E7E77D /* ContactFormView.swift */ = {isa = PBXFileReference; fileEncoding = 4; lastKnownFileType = sourcecode.swift; path = ContactFormView.swift; sourceTree = "<group>"; };
		871C550B282D745100061D10 /* MapLocationView.swift */ = {isa = PBXFileReference; lastKnownFileType = sourcecode.swift; path = MapLocationView.swift; sourceTree = "<group>"; };
		871C5517282D9B5A00061D10 /* EmptyView.swift */ = {isa = PBXFileReference; lastKnownFileType = sourcecode.swift; path = EmptyView.swift; sourceTree = "<group>"; };
		871C5519282DA00800061D10 /* EmptyViewTest.swift */ = {isa = PBXFileReference; lastKnownFileType = sourcecode.swift; path = EmptyViewTest.swift; sourceTree = "<group>"; };
		872745932829494E00AA5221 /* CarouselView.swift */ = {isa = PBXFileReference; lastKnownFileType = sourcecode.swift; path = CarouselView.swift; sourceTree = "<group>"; };
		8727459528294ADF00AA5221 /* CarouselCell.swift */ = {isa = PBXFileReference; lastKnownFileType = sourcecode.swift; path = CarouselCell.swift; sourceTree = "<group>"; };
		87274599282960BF00AA5221 /* CarouselViewTest.swift */ = {isa = PBXFileReference; lastKnownFileType = sourcecode.swift; path = CarouselViewTest.swift; sourceTree = "<group>"; };
		87326C2B282BE85600E8C11B /* PropertyDescriptionViewComponent.swift */ = {isa = PBXFileReference; lastKnownFileType = sourcecode.swift; path = PropertyDescriptionViewComponent.swift; sourceTree = "<group>"; };
		87326C2D282C064800E8C11B /* PropertyDescriptionViewTest.swift */ = {isa = PBXFileReference; lastKnownFileType = sourcecode.swift; path = PropertyDescriptionViewTest.swift; sourceTree = "<group>"; };
		87C59C6E282AA31300BB862E /* LoginView.swift */ = {isa = PBXFileReference; lastKnownFileType = sourcecode.swift; path = LoginView.swift; sourceTree = "<group>"; };
		87E92D1928240FC5003A4901 /* PropertyDescriptionTest.swift */ = {isa = PBXFileReference; lastKnownFileType = sourcecode.swift; path = PropertyDescriptionTest.swift; sourceTree = "<group>"; };
		87F01972282C31FE00F3C634 /* LoginViewTests.swift */ = {isa = PBXFileReference; lastKnownFileType = sourcecode.swift; path = LoginViewTests.swift; sourceTree = "<group>"; };
		87FACFE82821CAF600CDA67E /* ContactFormView.swift */ = {isa = PBXFileReference; lastKnownFileType = sourcecode.swift; path = ContactFormView.swift; sourceTree = "<group>"; };
		87FACFEA282300C200CDA67E /* ContactFormViewTest.swift */ = {isa = PBXFileReference; lastKnownFileType = sourcecode.swift; path = ContactFormViewTest.swift; sourceTree = "<group>"; };
		980789CA275E8FAF00CED39A /* Settings.swift */ = {isa = PBXFileReference; lastKnownFileType = sourcecode.swift; path = Settings.swift; sourceTree = "<group>"; };
		980789CD275E943C00CED39A /* FavoritesViewController.swift */ = {isa = PBXFileReference; lastKnownFileType = sourcecode.swift; path = FavoritesViewController.swift; sourceTree = "<group>"; };
		980789D8275EA3C900CED39A /* AccountViewController.swift */ = {isa = PBXFileReference; lastKnownFileType = sourcecode.swift; path = AccountViewController.swift; sourceTree = "<group>"; };
		980789DB275EA40200CED39A /* ViewCode.swift */ = {isa = PBXFileReference; lastKnownFileType = sourcecode.swift; path = ViewCode.swift; sourceTree = "<group>"; };
		980C0C0A2704F1C700F8100A /* RealEstateAPIClient.swift */ = {isa = PBXFileReference; fileEncoding = 4; lastKnownFileType = sourcecode.swift; path = RealEstateAPIClient.swift; sourceTree = "<group>"; };
		980C0C1B2704F23E00F8100A /* PropertyDetailsViewController.swift */ = {isa = PBXFileReference; lastKnownFileType = sourcecode.swift; path = PropertyDetailsViewController.swift; sourceTree = "<group>"; };
		980C0C1E2704F3C400F8100A /* Property.swift */ = {isa = PBXFileReference; lastKnownFileType = sourcecode.swift; path = Property.swift; sourceTree = "<group>"; };
		9841E71827D68748005A67DC /* RealEstateAppTests.xctest */ = {isa = PBXFileReference; explicitFileType = wrapper.cfbundle; includeInIndex = 0; path = RealEstateAppTests.xctest; sourceTree = BUILT_PRODUCTS_DIR; };
		9841E71A27D68748005A67DC /* RealEstateAppTests.swift */ = {isa = PBXFileReference; lastKnownFileType = sourcecode.swift; path = RealEstateAppTests.swift; sourceTree = "<group>"; };
		9841E72227D687D6005A67DC /* DebugViewController.swift */ = {isa = PBXFileReference; fileEncoding = 4; lastKnownFileType = sourcecode.swift; path = DebugViewController.swift; sourceTree = "<group>"; };
		986153CC2704EE2B00838CA6 /* RealEstateApp.app */ = {isa = PBXFileReference; explicitFileType = wrapper.application; includeInIndex = 0; path = RealEstateApp.app; sourceTree = BUILT_PRODUCTS_DIR; };
		986153CF2704EE2B00838CA6 /* AppDelegate.swift */ = {isa = PBXFileReference; lastKnownFileType = sourcecode.swift; path = AppDelegate.swift; sourceTree = "<group>"; };
		986153D12704EE2B00838CA6 /* SceneDelegate.swift */ = {isa = PBXFileReference; lastKnownFileType = sourcecode.swift; path = SceneDelegate.swift; sourceTree = "<group>"; };
		986153D32704EE2B00838CA6 /* PropertyListViewController.swift */ = {isa = PBXFileReference; lastKnownFileType = sourcecode.swift; path = PropertyListViewController.swift; sourceTree = "<group>"; };
		986153D82704EE2F00838CA6 /* Assets.xcassets */ = {isa = PBXFileReference; lastKnownFileType = folder.assetcatalog; path = Assets.xcassets; sourceTree = "<group>"; };
		986153DB2704EE2F00838CA6 /* Base */ = {isa = PBXFileReference; lastKnownFileType = file.storyboard; name = Base; path = Base.lproj/LaunchScreen.storyboard; sourceTree = "<group>"; };
		986153DD2704EE2F00838CA6 /* Info.plist */ = {isa = PBXFileReference; lastKnownFileType = text.plist.xml; path = Info.plist; sourceTree = "<group>"; };
		98DAB5312718CBE400BDC6B8 /* listings.json */ = {isa = PBXFileReference; fileEncoding = 4; lastKnownFileType = text.json; path = listings.json; sourceTree = SOURCE_ROOT; };
		B85988EAA6C1BBE05B7A1A67 /* Pods_RealEstateApp.framework */ = {isa = PBXFileReference; explicitFileType = wrapper.framework; includeInIndex = 0; path = Pods_RealEstateApp.framework; sourceTree = BUILT_PRODUCTS_DIR; };
		C5A581E328247303006ED869 /* __Snapshots__ */ = {isa = PBXFileReference; lastKnownFileType = folder; name = __Snapshots__; path = Components/__Snapshots__; sourceTree = "<group>"; };
		EE7E225F7AB6E1954A5345B3 /* Pods_RealEstateAppTests.framework */ = {isa = PBXFileReference; explicitFileType = wrapper.framework; includeInIndex = 0; path = Pods_RealEstateAppTests.framework; sourceTree = BUILT_PRODUCTS_DIR; };
		F30BEACE449CF176C77BC1C3 /* Pods-RealEstateApp.release.xcconfig */ = {isa = PBXFileReference; includeInIndex = 1; lastKnownFileType = text.xcconfig; name = "Pods-RealEstateApp.release.xcconfig"; path = "Target Support Files/Pods-RealEstateApp/Pods-RealEstateApp.release.xcconfig"; sourceTree = "<group>"; };
		F81F9CF3E67C523691F26F23 /* Pods-RealEstateAppTests.debug.xcconfig */ = {isa = PBXFileReference; includeInIndex = 1; lastKnownFileType = text.xcconfig; name = "Pods-RealEstateAppTests.debug.xcconfig"; path = "Target Support Files/Pods-RealEstateAppTests/Pods-RealEstateAppTests.debug.xcconfig"; sourceTree = "<group>"; };
/* End PBXFileReference section */

/* Begin PBXFrameworksBuildPhase section */
		9841E71527D68748005A67DC /* Frameworks */ = {
			isa = PBXFrameworksBuildPhase;
			buildActionMask = 2147483647;
			files = (
				7F4F120A35DBE76C22DB97C3 /* Pods_RealEstateAppTests.framework in Frameworks */,
			);
			runOnlyForDeploymentPostprocessing = 0;
		};
		986153C92704EE2B00838CA6 /* Frameworks */ = {
			isa = PBXFrameworksBuildPhase;
			buildActionMask = 2147483647;
			files = (
				D51D05E486E13B0231AA4390 /* Pods_RealEstateApp.framework in Frameworks */,
			);
			runOnlyForDeploymentPostprocessing = 0;
		};
/* End PBXFrameworksBuildPhase section */

/* Begin PBXGroup section */
		2A54A46A939F5CBFC83E9FF3 /* Pods */ = {
			isa = PBXGroup;
			children = (
				17504FA7A5C5927AEB83D49E /* Pods-RealEstateApp.debug.xcconfig */,
				F30BEACE449CF176C77BC1C3 /* Pods-RealEstateApp.release.xcconfig */,
				F81F9CF3E67C523691F26F23 /* Pods-RealEstateAppTests.debug.xcconfig */,
				68BBE62A95EEF51FD1332B6D /* Pods-RealEstateAppTests.release.xcconfig */,
			);
			path = Pods;
			sourceTree = "<group>";
		};
		870D527428229CB600ADB91C /* Components */ = {
			isa = PBXGroup;
			children = (
				870D527628229CDE00ADB91C /* DividerViewTest.swift */,
				87393F02282C44A70044AFBA /* LoadingViewTest.swift */,
				87274599282960BF00AA5221 /* CarouselViewTest.swift */,
				871C5519282DA00800061D10 /* EmptyViewTest.swift */,
			);
			path = Components;
			sourceTree = "<group>";
		};
		8710E25C2823ED4900C67702 /* PropertyDescription */ = {
			isa = PBXGroup;
			children = (
				8710E25D2823ED5A00C67702 /* PropertyDescriptionViewController.swift */,
				8710E25F2823ED5F00C67702 /* PropertyDescriptionView.swift */,
				87326C2B282BE85600E8C11B /* PropertyDescriptionViewComponent.swift */,
			);
			path = PropertyDescription;
			sourceTree = "<group>";
		};
		8716759528253C9600E7E77D /* Recovered References */ = {
			isa = PBXGroup;
			children = (
				87FACFE82821CAF600CDA67E /* ContactFormView.swift */,
			);
			name = "Recovered References";
			sourceTree = "<group>";
		};
		87E92D1828240FB4003A4901 /* PropertyDescription */ = {
			isa = PBXGroup;
			children = (
				87E92D1928240FC5003A4901 /* PropertyDescriptionTest.swift */,
				87326C2D282C064800E8C11B /* PropertyDescriptionViewTest.swift */,
			);
			path = PropertyDescription;
			sourceTree = "<group>";
		};
		87F01971282C31C400F3C634 /* LoginViewTests */ = {
			isa = PBXGroup;
			children = (
				87F01972282C31FE00F3C634 /* LoginViewTests.swift */,
			);
			path = LoginViewTests;
			sourceTree = "<group>";
		};
		980789C9275E8F8E00CED39A /* Settings */ = {
			isa = PBXGroup;
			children = (
				980789CA275E8FAF00CED39A /* Settings.swift */,
			);
			path = Settings;
			sourceTree = "<group>";
		};
		980789CC275E942300CED39A /* Favorites */ = {
			isa = PBXGroup;
			children = (
				980789CD275E943C00CED39A /* FavoritesViewController.swift */,
			);
			path = Favorites;
			sourceTree = "<group>";
		};
		980789D7275EA3BC00CED39A /* Account */ = {
			isa = PBXGroup;
			children = (
				980789D8275EA3C900CED39A /* AccountViewController.swift */,
				87C59C6E282AA31300BB862E /* LoginView.swift */,
			);
			path = Account;
			sourceTree = "<group>";
		};
		980789DA275EA3EE00CED39A /* Protocols */ = {
			isa = PBXGroup;
			children = (
				980789DB275EA40200CED39A /* ViewCode.swift */,
			);
			path = Protocols;
			sourceTree = "<group>";
		};
		980C0C062704F1C700F8100A /* DataManager */ = {
			isa = PBXGroup;
			children = (
				980C0C072704F1C700F8100A /* APIClient */,
			);
			path = DataManager;
			sourceTree = "<group>";
		};
		980C0C072704F1C700F8100A /* APIClient */ = {
			isa = PBXGroup;
			children = (
				980C0C0A2704F1C700F8100A /* RealEstateAPIClient.swift */,
			);
			path = APIClient;
			sourceTree = "<group>";
		};
		980C0C172704F1D500F8100A /* Screens */ = {
			isa = PBXGroup;
			children = (
				8710E25C2823ED4900C67702 /* PropertyDescription */,
				980C0C182704F1DE00F8100A /* PropertyList */,
				980C0C192704F1E800F8100A /* PropertyDetails */,
				980789CC275E942300CED39A /* Favorites */,
				980789C9275E8F8E00CED39A /* Settings */,
				980789D7275EA3BC00CED39A /* Account */,
			);
			path = Screens;
			sourceTree = "<group>";
		};
		980C0C182704F1DE00F8100A /* PropertyList */ = {
			isa = PBXGroup;
			children = (
				986153D32704EE2B00838CA6 /* PropertyListViewController.swift */,
			);
			path = PropertyList;
			sourceTree = "<group>";
		};
		980C0C192704F1E800F8100A /* PropertyDetails */ = {
			isa = PBXGroup;
			children = (
				CEBA6DCA28215CAF00436DD6 /* Components */,
				980C0C1B2704F23E00F8100A /* PropertyDetailsViewController.swift */,
			);
			path = PropertyDetails;
			sourceTree = "<group>";
		};
		980C0C1A2704F1F100F8100A /* AppDelegate */ = {
			isa = PBXGroup;
			children = (
				986153CF2704EE2B00838CA6 /* AppDelegate.swift */,
				986153D12704EE2B00838CA6 /* SceneDelegate.swift */,
			);
			path = AppDelegate;
			sourceTree = "<group>";
		};
		980C0C1D2704F29100F8100A /* Models */ = {
			isa = PBXGroup;
			children = (
				980C0C1E2704F3C400F8100A /* Property.swift */,
			);
			path = Models;
			sourceTree = "<group>";
		};
		9841E71927D68748005A67DC /* RealEstateAppTests */ = {
			isa = PBXGroup;
			children = (
				87F01971282C31C400F3C634 /* LoginViewTests */,
				87E92D1828240FB4003A4901 /* PropertyDescription */,
				C5A581E328247303006ED869 /* __Snapshots__ */,
				870D527428229CB600ADB91C /* Components */,
				9841E71A27D68748005A67DC /* RealEstateAppTests.swift */,
				87FACFEA282300C200CDA67E /* ContactFormViewTest.swift */,
			);
			path = RealEstateAppTests;
			sourceTree = "<group>";
		};
		9841E72127D687D6005A67DC /* DebugYourViews */ = {
			isa = PBXGroup;
			children = (
				9841E72227D687D6005A67DC /* DebugViewController.swift */,
			);
			path = DebugYourViews;
			sourceTree = "<group>";
		};
		986153C32704EE2B00838CA6 = {
			isa = PBXGroup;
			children = (
				986153CE2704EE2B00838CA6 /* RealEstateApp */,
				9841E71927D68748005A67DC /* RealEstateAppTests */,
				986153CD2704EE2B00838CA6 /* Products */,
				2A54A46A939F5CBFC83E9FF3 /* Pods */,
				DFA90937DDB25ADA92426DD6 /* Frameworks */,
				8716759528253C9600E7E77D /* Recovered References */,
			);
			sourceTree = "<group>";
		};
		986153CD2704EE2B00838CA6 /* Products */ = {
			isa = PBXGroup;
			children = (
				986153CC2704EE2B00838CA6 /* RealEstateApp.app */,
				9841E71827D68748005A67DC /* RealEstateAppTests.xctest */,
			);
			name = Products;
			sourceTree = "<group>";
		};
		986153CE2704EE2B00838CA6 /* RealEstateApp */ = {
			isa = PBXGroup;
			children = (
				98DAB52E2718BF2300BDC6B8 /* Resources */,
				980C0C1A2704F1F100F8100A /* AppDelegate */,
				9841E72127D687D6005A67DC /* DebugYourViews */,
				980C0C062704F1C700F8100A /* DataManager */,
				980C0C1D2704F29100F8100A /* Models */,
				CEBA6DCC282162DF00436DD6 /* UI */,
				980789DA275EA3EE00CED39A /* Protocols */,
			);
			path = RealEstateApp;
			sourceTree = "<group>";
		};
		98DAB52E2718BF2300BDC6B8 /* Resources */ = {
			isa = PBXGroup;
			children = (
				98DAB5312718CBE400BDC6B8 /* listings.json */,
				986153D82704EE2F00838CA6 /* Assets.xcassets */,
				986153DA2704EE2F00838CA6 /* LaunchScreen.storyboard */,
				986153DD2704EE2F00838CA6 /* Info.plist */,
			);
			path = Resources;
			sourceTree = "<group>";
		};
		CEBA6DCA28215CAF00436DD6 /* Components */ = {
			isa = PBXGroup;
			children = (
				8716759628253D6400E7E77D /* ContactFormView.swift */,
			);
			path = Components;
			sourceTree = "<group>";
		};
		CEBA6DCB2821616E00436DD6 /* Components */ = {
			isa = PBXGroup;
			children = (
				870D527228229BAA00ADB91C /* DividerView.swift */,
				87EF9B6B282B226F00E9A6E3 /* LoadingView.swift */,
				872745932829494E00AA5221 /* CarouselView.swift */,
				8727459528294ADF00AA5221 /* CarouselCell.swift */,
				871C550B282D745100061D10 /* MapLocationView.swift */,
				871C5517282D9B5A00061D10 /* EmptyView.swift */,
			);
			path = Components;
			sourceTree = "<group>";
		};
		CEBA6DCC282162DF00436DD6 /* UI */ = {
			isa = PBXGroup;
			children = (
				980C0C172704F1D500F8100A /* Screens */,
				CEBA6DCB2821616E00436DD6 /* Components */,
			);
			path = UI;
			sourceTree = "<group>";
		};
		DFA90937DDB25ADA92426DD6 /* Frameworks */ = {
			isa = PBXGroup;
			children = (
				B85988EAA6C1BBE05B7A1A67 /* Pods_RealEstateApp.framework */,
				EE7E225F7AB6E1954A5345B3 /* Pods_RealEstateAppTests.framework */,
			);
			name = Frameworks;
			sourceTree = "<group>";
		};
/* End PBXGroup section */

/* Begin PBXNativeTarget section */
		9841E71727D68748005A67DC /* RealEstateAppTests */ = {
			isa = PBXNativeTarget;
			buildConfigurationList = 9841E72027D68748005A67DC /* Build configuration list for PBXNativeTarget "RealEstateAppTests" */;
			buildPhases = (
				98D6634EBEA819B078BB8B67 /* [CP] Check Pods Manifest.lock */,
				9841E71427D68748005A67DC /* Sources */,
				9841E71527D68748005A67DC /* Frameworks */,
				9841E71627D68748005A67DC /* Resources */,
				046EAEDA98FA27DEFFBEA2CC /* [CP] Embed Pods Frameworks */,
			);
			buildRules = (
			);
			dependencies = (
				9841E71D27D68748005A67DC /* PBXTargetDependency */,
			);
			name = RealEstateAppTests;
			productName = RealEstateAppTests;
			productReference = 9841E71827D68748005A67DC /* RealEstateAppTests.xctest */;
			productType = "com.apple.product-type.bundle.unit-test";
		};
		986153CB2704EE2B00838CA6 /* RealEstateApp */ = {
			isa = PBXNativeTarget;
			buildConfigurationList = 986153E02704EE3000838CA6 /* Build configuration list for PBXNativeTarget "RealEstateApp" */;
			buildPhases = (
				329AD3D87440660D0A297A19 /* [CP] Check Pods Manifest.lock */,
				986153C82704EE2B00838CA6 /* Sources */,
				986153C92704EE2B00838CA6 /* Frameworks */,
				986153CA2704EE2B00838CA6 /* Resources */,
			);
			buildRules = (
			);
			dependencies = (
			);
			name = RealEstateApp;
			productName = "ViewCodeChallenge-RealEstate";
			productReference = 986153CC2704EE2B00838CA6 /* RealEstateApp.app */;
			productType = "com.apple.product-type.application";
		};
/* End PBXNativeTarget section */

/* Begin PBXProject section */
		986153C42704EE2B00838CA6 /* Project object */ = {
			isa = PBXProject;
			attributes = {
				BuildIndependentTargetsInParallel = 1;
				LastSwiftUpdateCheck = 1320;
				LastUpgradeCheck = 1300;
				TargetAttributes = {
					9841E71727D68748005A67DC = {
						CreatedOnToolsVersion = 13.2.1;
						TestTargetID = 986153CB2704EE2B00838CA6;
					};
					986153CB2704EE2B00838CA6 = {
						CreatedOnToolsVersion = 13.0;
					};
				};
			};
			buildConfigurationList = 986153C72704EE2B00838CA6 /* Build configuration list for PBXProject "RealEstateApp" */;
			compatibilityVersion = "Xcode 13.0";
			developmentRegion = en;
			hasScannedForEncodings = 0;
			knownRegions = (
				en,
				Base,
			);
			mainGroup = 986153C32704EE2B00838CA6;
			productRefGroup = 986153CD2704EE2B00838CA6 /* Products */;
			projectDirPath = "";
			projectRoot = "";
			targets = (
				986153CB2704EE2B00838CA6 /* RealEstateApp */,
				9841E71727D68748005A67DC /* RealEstateAppTests */,
			);
		};
/* End PBXProject section */

/* Begin PBXResourcesBuildPhase section */
		9841E71627D68748005A67DC /* Resources */ = {
			isa = PBXResourcesBuildPhase;
			buildActionMask = 2147483647;
			files = (
				C5A581E428247303006ED869 /* __Snapshots__ in Resources */,
			);
			runOnlyForDeploymentPostprocessing = 0;
		};
		986153CA2704EE2B00838CA6 /* Resources */ = {
			isa = PBXResourcesBuildPhase;
			buildActionMask = 2147483647;
			files = (
				986153DC2704EE2F00838CA6 /* LaunchScreen.storyboard in Resources */,
				986153D92704EE2F00838CA6 /* Assets.xcassets in Resources */,
				98DAB5322718CBE400BDC6B8 /* listings.json in Resources */,
			);
			runOnlyForDeploymentPostprocessing = 0;
		};
/* End PBXResourcesBuildPhase section */

/* Begin PBXShellScriptBuildPhase section */
		046EAEDA98FA27DEFFBEA2CC /* [CP] Embed Pods Frameworks */ = {
			isa = PBXShellScriptBuildPhase;
			buildActionMask = 2147483647;
			files = (
			);
			inputFileListPaths = (
				"${PODS_ROOT}/Target Support Files/Pods-RealEstateAppTests/Pods-RealEstateAppTests-frameworks-${CONFIGURATION}-input-files.xcfilelist",
			);
			name = "[CP] Embed Pods Frameworks";
			outputFileListPaths = (
				"${PODS_ROOT}/Target Support Files/Pods-RealEstateAppTests/Pods-RealEstateAppTests-frameworks-${CONFIGURATION}-output-files.xcfilelist",
			);
			runOnlyForDeploymentPostprocessing = 0;
			shellPath = /bin/sh;
			shellScript = "\"${PODS_ROOT}/Target Support Files/Pods-RealEstateAppTests/Pods-RealEstateAppTests-frameworks.sh\"\n";
			showEnvVarsInLog = 0;
		};
		329AD3D87440660D0A297A19 /* [CP] Check Pods Manifest.lock */ = {
			isa = PBXShellScriptBuildPhase;
			buildActionMask = 2147483647;
			files = (
			);
			inputFileListPaths = (
			);
			inputPaths = (
				"${PODS_PODFILE_DIR_PATH}/Podfile.lock",
				"${PODS_ROOT}/Manifest.lock",
			);
			name = "[CP] Check Pods Manifest.lock";
			outputFileListPaths = (
			);
			outputPaths = (
				"$(DERIVED_FILE_DIR)/Pods-RealEstateApp-checkManifestLockResult.txt",
			);
			runOnlyForDeploymentPostprocessing = 0;
			shellPath = /bin/sh;
			shellScript = "diff \"${PODS_PODFILE_DIR_PATH}/Podfile.lock\" \"${PODS_ROOT}/Manifest.lock\" > /dev/null\nif [ $? != 0 ] ; then\n    # print error to STDERR\n    echo \"error: The sandbox is not in sync with the Podfile.lock. Run 'pod install' or update your CocoaPods installation.\" >&2\n    exit 1\nfi\n# This output is used by Xcode 'outputs' to avoid re-running this script phase.\necho \"SUCCESS\" > \"${SCRIPT_OUTPUT_FILE_0}\"\n";
			showEnvVarsInLog = 0;
		};
		98D6634EBEA819B078BB8B67 /* [CP] Check Pods Manifest.lock */ = {
			isa = PBXShellScriptBuildPhase;
			buildActionMask = 2147483647;
			files = (
			);
			inputFileListPaths = (
			);
			inputPaths = (
				"${PODS_PODFILE_DIR_PATH}/Podfile.lock",
				"${PODS_ROOT}/Manifest.lock",
			);
			name = "[CP] Check Pods Manifest.lock";
			outputFileListPaths = (
			);
			outputPaths = (
				"$(DERIVED_FILE_DIR)/Pods-RealEstateAppTests-checkManifestLockResult.txt",
			);
			runOnlyForDeploymentPostprocessing = 0;
			shellPath = /bin/sh;
			shellScript = "diff \"${PODS_PODFILE_DIR_PATH}/Podfile.lock\" \"${PODS_ROOT}/Manifest.lock\" > /dev/null\nif [ $? != 0 ] ; then\n    # print error to STDERR\n    echo \"error: The sandbox is not in sync with the Podfile.lock. Run 'pod install' or update your CocoaPods installation.\" >&2\n    exit 1\nfi\n# This output is used by Xcode 'outputs' to avoid re-running this script phase.\necho \"SUCCESS\" > \"${SCRIPT_OUTPUT_FILE_0}\"\n";
			showEnvVarsInLog = 0;
		};
/* End PBXShellScriptBuildPhase section */

/* Begin PBXSourcesBuildPhase section */
		9841E71427D68748005A67DC /* Sources */ = {
			isa = PBXSourcesBuildPhase;
			buildActionMask = 2147483647;
			files = (
				871C551A282DA00800061D10 /* EmptyViewTest.swift in Sources */,
				87393F03282C44A70044AFBA /* LoadingViewTest.swift in Sources */,
				9841E71B27D68748005A67DC /* RealEstateAppTests.swift in Sources */,
				87E92D1A28240FC5003A4901 /* PropertyDescriptionTest.swift in Sources */,
				87326C2E282C064800E8C11B /* PropertyDescriptionViewTest.swift in Sources */,
				87FACFEB282300C200CDA67E /* ContactFormViewTest.swift in Sources */,
				8727459A282960BF00AA5221 /* CarouselViewTest.swift in Sources */,
				87F01973282C31FE00F3C634 /* LoginViewTests.swift in Sources */,
				870D527728229CDE00ADB91C /* DividerViewTest.swift in Sources */,
			);
			runOnlyForDeploymentPostprocessing = 0;
		};
		986153C82704EE2B00838CA6 /* Sources */ = {
			isa = PBXSourcesBuildPhase;
			buildActionMask = 2147483647;
			files = (
				8710E2602823ED5F00C67702 /* PropertyDescriptionView.swift in Sources */,
				986153D42704EE2B00838CA6 /* PropertyListViewController.swift in Sources */,
				980789DC275EA40200CED39A /* ViewCode.swift in Sources */,
				9841E72327D687D6005A67DC /* DebugViewController.swift in Sources */,
				980C0C1F2704F3C400F8100A /* Property.swift in Sources */,
				980789CE275E943D00CED39A /* FavoritesViewController.swift in Sources */,
				986153D02704EE2B00838CA6 /* AppDelegate.swift in Sources */,
				8716759728253D6400E7E77D /* ContactFormView.swift in Sources */,
				872745942829494E00AA5221 /* CarouselView.swift in Sources */,
				870D527328229BAA00ADB91C /* DividerView.swift in Sources */,
				986153D22704EE2B00838CA6 /* SceneDelegate.swift in Sources */,
				980789CB275E8FAF00CED39A /* Settings.swift in Sources */,
				87C59C6F282AA31300BB862E /* LoginView.swift in Sources */,
				8710E25E2823ED5A00C67702 /* PropertyDescriptionViewController.swift in Sources */,
				980C0C1C2704F23E00F8100A /* PropertyDetailsViewController.swift in Sources */,
				8727459628294ADF00AA5221 /* CarouselCell.swift in Sources */,
				871C5518282D9B5A00061D10 /* EmptyView.swift in Sources */,
				980C0C112704F1C700F8100A /* RealEstateAPIClient.swift in Sources */,
				87EF9B6C282B226F00E9A6E3 /* LoadingView.swift in Sources */,
				87326C2C282BE85600E8C11B /* PropertyDescriptionViewComponent.swift in Sources */,
				871C550C282D745100061D10 /* MapLocationView.swift in Sources */,
				980789D9275EA3C900CED39A /* AccountViewController.swift in Sources */,
			);
			runOnlyForDeploymentPostprocessing = 0;
		};
/* End PBXSourcesBuildPhase section */

/* Begin PBXTargetDependency section */
		9841E71D27D68748005A67DC /* PBXTargetDependency */ = {
			isa = PBXTargetDependency;
			target = 986153CB2704EE2B00838CA6 /* RealEstateApp */;
			targetProxy = 9841E71C27D68748005A67DC /* PBXContainerItemProxy */;
		};
/* End PBXTargetDependency section */

/* Begin PBXVariantGroup section */
		986153DA2704EE2F00838CA6 /* LaunchScreen.storyboard */ = {
			isa = PBXVariantGroup;
			children = (
				986153DB2704EE2F00838CA6 /* Base */,
			);
			name = LaunchScreen.storyboard;
			sourceTree = "<group>";
		};
/* End PBXVariantGroup section */

/* Begin XCBuildConfiguration section */
		9841E71E27D68748005A67DC /* Debug */ = {
			isa = XCBuildConfiguration;
			baseConfigurationReference = F81F9CF3E67C523691F26F23 /* Pods-RealEstateAppTests.debug.xcconfig */;
			buildSettings = {
				BUNDLE_LOADER = "$(TEST_HOST)";
				CODE_SIGN_STYLE = Automatic;
				CURRENT_PROJECT_VERSION = 1;
				GENERATE_INFOPLIST_FILE = YES;
				IPHONEOS_DEPLOYMENT_TARGET = 15.2;
				MARKETING_VERSION = 1.0;
				PRODUCT_BUNDLE_IDENTIFIER = com.devpass.RealEstateAppTests;
				PRODUCT_NAME = "$(TARGET_NAME)";
				SWIFT_EMIT_LOC_STRINGS = NO;
				SWIFT_VERSION = 5.0;
				TARGETED_DEVICE_FAMILY = "1,2";
				TEST_HOST = "$(BUILT_PRODUCTS_DIR)/RealEstateApp.app/RealEstateApp";
			};
			name = Debug;
		};
		9841E71F27D68748005A67DC /* Release */ = {
			isa = XCBuildConfiguration;
			baseConfigurationReference = 68BBE62A95EEF51FD1332B6D /* Pods-RealEstateAppTests.release.xcconfig */;
			buildSettings = {
				BUNDLE_LOADER = "$(TEST_HOST)";
				CODE_SIGN_STYLE = Automatic;
				CURRENT_PROJECT_VERSION = 1;
				GENERATE_INFOPLIST_FILE = YES;
				IPHONEOS_DEPLOYMENT_TARGET = 15.2;
				MARKETING_VERSION = 1.0;
				PRODUCT_BUNDLE_IDENTIFIER = com.devpass.RealEstateAppTests;
				PRODUCT_NAME = "$(TARGET_NAME)";
				SWIFT_EMIT_LOC_STRINGS = NO;
				SWIFT_VERSION = 5.0;
				TARGETED_DEVICE_FAMILY = "1,2";
				TEST_HOST = "$(BUILT_PRODUCTS_DIR)/RealEstateApp.app/RealEstateApp";
			};
			name = Release;
		};
		986153DE2704EE2F00838CA6 /* Debug */ = {
			isa = XCBuildConfiguration;
			buildSettings = {
				ALWAYS_SEARCH_USER_PATHS = NO;
				CLANG_ANALYZER_NONNULL = YES;
				CLANG_ANALYZER_NUMBER_OBJECT_CONVERSION = YES_AGGRESSIVE;
				CLANG_CXX_LANGUAGE_STANDARD = "gnu++17";
				CLANG_CXX_LIBRARY = "libc++";
				CLANG_ENABLE_MODULES = YES;
				CLANG_ENABLE_OBJC_ARC = YES;
				CLANG_ENABLE_OBJC_WEAK = YES;
				CLANG_WARN_BLOCK_CAPTURE_AUTORELEASING = YES;
				CLANG_WARN_BOOL_CONVERSION = YES;
				CLANG_WARN_COMMA = YES;
				CLANG_WARN_CONSTANT_CONVERSION = YES;
				CLANG_WARN_DEPRECATED_OBJC_IMPLEMENTATIONS = YES;
				CLANG_WARN_DIRECT_OBJC_ISA_USAGE = YES_ERROR;
				CLANG_WARN_DOCUMENTATION_COMMENTS = YES;
				CLANG_WARN_EMPTY_BODY = YES;
				CLANG_WARN_ENUM_CONVERSION = YES;
				CLANG_WARN_INFINITE_RECURSION = YES;
				CLANG_WARN_INT_CONVERSION = YES;
				CLANG_WARN_NON_LITERAL_NULL_CONVERSION = YES;
				CLANG_WARN_OBJC_IMPLICIT_RETAIN_SELF = YES;
				CLANG_WARN_OBJC_LITERAL_CONVERSION = YES;
				CLANG_WARN_OBJC_ROOT_CLASS = YES_ERROR;
				CLANG_WARN_QUOTED_INCLUDE_IN_FRAMEWORK_HEADER = YES;
				CLANG_WARN_RANGE_LOOP_ANALYSIS = YES;
				CLANG_WARN_STRICT_PROTOTYPES = YES;
				CLANG_WARN_SUSPICIOUS_MOVE = YES;
				CLANG_WARN_UNGUARDED_AVAILABILITY = YES_AGGRESSIVE;
				CLANG_WARN_UNREACHABLE_CODE = YES;
				CLANG_WARN__DUPLICATE_METHOD_MATCH = YES;
				COPY_PHASE_STRIP = NO;
				DEBUG_INFORMATION_FORMAT = dwarf;
				ENABLE_STRICT_OBJC_MSGSEND = YES;
				ENABLE_TESTABILITY = YES;
				GCC_C_LANGUAGE_STANDARD = gnu11;
				GCC_DYNAMIC_NO_PIC = NO;
				GCC_NO_COMMON_BLOCKS = YES;
				GCC_OPTIMIZATION_LEVEL = 0;
				GCC_PREPROCESSOR_DEFINITIONS = (
					"DEBUG=1",
					"$(inherited)",
				);
				GCC_WARN_64_TO_32_BIT_CONVERSION = YES;
				GCC_WARN_ABOUT_RETURN_TYPE = YES_ERROR;
				GCC_WARN_UNDECLARED_SELECTOR = YES;
				GCC_WARN_UNINITIALIZED_AUTOS = YES_AGGRESSIVE;
				GCC_WARN_UNUSED_FUNCTION = YES;
				GCC_WARN_UNUSED_VARIABLE = YES;
				IPHONEOS_DEPLOYMENT_TARGET = 15.0;
				MTL_ENABLE_DEBUG_INFO = INCLUDE_SOURCE;
				MTL_FAST_MATH = YES;
				ONLY_ACTIVE_ARCH = YES;
				SDKROOT = iphoneos;
				SWIFT_ACTIVE_COMPILATION_CONDITIONS = DEBUG;
				SWIFT_OPTIMIZATION_LEVEL = "-Onone";
			};
			name = Debug;
		};
		986153DF2704EE2F00838CA6 /* Release */ = {
			isa = XCBuildConfiguration;
			buildSettings = {
				ALWAYS_SEARCH_USER_PATHS = NO;
				CLANG_ANALYZER_NONNULL = YES;
				CLANG_ANALYZER_NUMBER_OBJECT_CONVERSION = YES_AGGRESSIVE;
				CLANG_CXX_LANGUAGE_STANDARD = "gnu++17";
				CLANG_CXX_LIBRARY = "libc++";
				CLANG_ENABLE_MODULES = YES;
				CLANG_ENABLE_OBJC_ARC = YES;
				CLANG_ENABLE_OBJC_WEAK = YES;
				CLANG_WARN_BLOCK_CAPTURE_AUTORELEASING = YES;
				CLANG_WARN_BOOL_CONVERSION = YES;
				CLANG_WARN_COMMA = YES;
				CLANG_WARN_CONSTANT_CONVERSION = YES;
				CLANG_WARN_DEPRECATED_OBJC_IMPLEMENTATIONS = YES;
				CLANG_WARN_DIRECT_OBJC_ISA_USAGE = YES_ERROR;
				CLANG_WARN_DOCUMENTATION_COMMENTS = YES;
				CLANG_WARN_EMPTY_BODY = YES;
				CLANG_WARN_ENUM_CONVERSION = YES;
				CLANG_WARN_INFINITE_RECURSION = YES;
				CLANG_WARN_INT_CONVERSION = YES;
				CLANG_WARN_NON_LITERAL_NULL_CONVERSION = YES;
				CLANG_WARN_OBJC_IMPLICIT_RETAIN_SELF = YES;
				CLANG_WARN_OBJC_LITERAL_CONVERSION = YES;
				CLANG_WARN_OBJC_ROOT_CLASS = YES_ERROR;
				CLANG_WARN_QUOTED_INCLUDE_IN_FRAMEWORK_HEADER = YES;
				CLANG_WARN_RANGE_LOOP_ANALYSIS = YES;
				CLANG_WARN_STRICT_PROTOTYPES = YES;
				CLANG_WARN_SUSPICIOUS_MOVE = YES;
				CLANG_WARN_UNGUARDED_AVAILABILITY = YES_AGGRESSIVE;
				CLANG_WARN_UNREACHABLE_CODE = YES;
				CLANG_WARN__DUPLICATE_METHOD_MATCH = YES;
				COPY_PHASE_STRIP = NO;
				DEBUG_INFORMATION_FORMAT = "dwarf-with-dsym";
				ENABLE_NS_ASSERTIONS = NO;
				ENABLE_STRICT_OBJC_MSGSEND = YES;
				GCC_C_LANGUAGE_STANDARD = gnu11;
				GCC_NO_COMMON_BLOCKS = YES;
				GCC_WARN_64_TO_32_BIT_CONVERSION = YES;
				GCC_WARN_ABOUT_RETURN_TYPE = YES_ERROR;
				GCC_WARN_UNDECLARED_SELECTOR = YES;
				GCC_WARN_UNINITIALIZED_AUTOS = YES_AGGRESSIVE;
				GCC_WARN_UNUSED_FUNCTION = YES;
				GCC_WARN_UNUSED_VARIABLE = YES;
				IPHONEOS_DEPLOYMENT_TARGET = 15.0;
				MTL_ENABLE_DEBUG_INFO = NO;
				MTL_FAST_MATH = YES;
				SDKROOT = iphoneos;
				SWIFT_COMPILATION_MODE = wholemodule;
				SWIFT_OPTIMIZATION_LEVEL = "-O";
				VALIDATE_PRODUCT = YES;
			};
			name = Release;
		};
		986153E12704EE3000838CA6 /* Debug */ = {
			isa = XCBuildConfiguration;
			baseConfigurationReference = 17504FA7A5C5927AEB83D49E /* Pods-RealEstateApp.debug.xcconfig */;
			buildSettings = {
				ASSETCATALOG_COMPILER_APPICON_NAME = AppIcon;
				ASSETCATALOG_COMPILER_GLOBAL_ACCENT_COLOR_NAME = AccentColor;
				CODE_SIGN_STYLE = Automatic;
				CURRENT_PROJECT_VERSION = 1;
				DEVELOPMENT_TEAM = B8F644M47X;
				GENERATE_INFOPLIST_FILE = YES;
				INFOPLIST_FILE = RealEstateApp/Resources/Info.plist;
				INFOPLIST_KEY_UIApplicationSupportsIndirectInputEvents = YES;
				INFOPLIST_KEY_UILaunchStoryboardName = LaunchScreen;
				INFOPLIST_KEY_UISupportedInterfaceOrientations_iPad = "UIInterfaceOrientationPortrait UIInterfaceOrientationPortraitUpsideDown UIInterfaceOrientationLandscapeLeft UIInterfaceOrientationLandscapeRight";
				INFOPLIST_KEY_UISupportedInterfaceOrientations_iPhone = "UIInterfaceOrientationPortrait UIInterfaceOrientationLandscapeLeft UIInterfaceOrientationLandscapeRight";
				LD_RUNPATH_SEARCH_PATHS = (
					"$(inherited)",
					"@executable_path/Frameworks",
				);
				MARKETING_VERSION = 1.0;
				PRODUCT_BUNDLE_IDENTIFIER = com.devpass.RealEstateApp;
				PRODUCT_NAME = "$(TARGET_NAME)";
				SWIFT_EMIT_LOC_STRINGS = YES;
				SWIFT_VERSION = 5.0;
				TARGETED_DEVICE_FAMILY = "1,2";
			};
			name = Debug;
		};
		986153E22704EE3000838CA6 /* Release */ = {
			isa = XCBuildConfiguration;
			baseConfigurationReference = F30BEACE449CF176C77BC1C3 /* Pods-RealEstateApp.release.xcconfig */;
			buildSettings = {
				ASSETCATALOG_COMPILER_APPICON_NAME = AppIcon;
				ASSETCATALOG_COMPILER_GLOBAL_ACCENT_COLOR_NAME = AccentColor;
				CODE_SIGN_STYLE = Automatic;
				CURRENT_PROJECT_VERSION = 1;
				DEVELOPMENT_TEAM = B8F644M47X;
				GENERATE_INFOPLIST_FILE = YES;
				INFOPLIST_FILE = RealEstateApp/Resources/Info.plist;
				INFOPLIST_KEY_UIApplicationSupportsIndirectInputEvents = YES;
				INFOPLIST_KEY_UILaunchStoryboardName = LaunchScreen;
				INFOPLIST_KEY_UISupportedInterfaceOrientations_iPad = "UIInterfaceOrientationPortrait UIInterfaceOrientationPortraitUpsideDown UIInterfaceOrientationLandscapeLeft UIInterfaceOrientationLandscapeRight";
				INFOPLIST_KEY_UISupportedInterfaceOrientations_iPhone = "UIInterfaceOrientationPortrait UIInterfaceOrientationLandscapeLeft UIInterfaceOrientationLandscapeRight";
				LD_RUNPATH_SEARCH_PATHS = (
					"$(inherited)",
					"@executable_path/Frameworks",
				);
				MARKETING_VERSION = 1.0;
				PRODUCT_BUNDLE_IDENTIFIER = com.devpass.RealEstateApp;
				PRODUCT_NAME = "$(TARGET_NAME)";
				SWIFT_EMIT_LOC_STRINGS = YES;
				SWIFT_VERSION = 5.0;
				TARGETED_DEVICE_FAMILY = "1,2";
			};
			name = Release;
		};
/* End XCBuildConfiguration section */

/* Begin XCConfigurationList section */
		9841E72027D68748005A67DC /* Build configuration list for PBXNativeTarget "RealEstateAppTests" */ = {
			isa = XCConfigurationList;
			buildConfigurations = (
				9841E71E27D68748005A67DC /* Debug */,
				9841E71F27D68748005A67DC /* Release */,
			);
			defaultConfigurationIsVisible = 0;
			defaultConfigurationName = Release;
		};
		986153C72704EE2B00838CA6 /* Build configuration list for PBXProject "RealEstateApp" */ = {
			isa = XCConfigurationList;
			buildConfigurations = (
				986153DE2704EE2F00838CA6 /* Debug */,
				986153DF2704EE2F00838CA6 /* Release */,
			);
			defaultConfigurationIsVisible = 0;
			defaultConfigurationName = Release;
		};
		986153E02704EE3000838CA6 /* Build configuration list for PBXNativeTarget "RealEstateApp" */ = {
			isa = XCConfigurationList;
			buildConfigurations = (
				986153E12704EE3000838CA6 /* Debug */,
				986153E22704EE3000838CA6 /* Release */,
			);
			defaultConfigurationIsVisible = 0;
			defaultConfigurationName = Release;
		};
/* End XCConfigurationList section */
	};
	rootObject = 986153C42704EE2B00838CA6 /* Project object */;
}
