// !$*UTF8*$!
{
	archiveVersion = 1;
	classes = {
	};
	objectVersion = 55;
	objects = {

/* Begin PBXBuildFile section */
		980C0C112704F1C700F8100A /* RealEstateAPIClient.swift in Sources */ = {isa = PBXBuildFile; fileRef = 980C0C0A2704F1C700F8100A /* RealEstateAPIClient.swift */; };
		980C0C1C2704F23E00F8100A /* PropertyDetailsViewController.swift in Sources */ = {isa = PBXBuildFile; fileRef = 980C0C1B2704F23E00F8100A /* PropertyDetailsViewController.swift */; };
		980C0C1F2704F3C400F8100A /* Property.swift in Sources */ = {isa = PBXBuildFile; fileRef = 980C0C1E2704F3C400F8100A /* Property.swift */; };
		986153D02704EE2B00838CA6 /* AppDelegate.swift in Sources */ = {isa = PBXBuildFile; fileRef = 986153CF2704EE2B00838CA6 /* AppDelegate.swift */; };
		986153D22704EE2B00838CA6 /* SceneDelegate.swift in Sources */ = {isa = PBXBuildFile; fileRef = 986153D12704EE2B00838CA6 /* SceneDelegate.swift */; };
		986153D42704EE2B00838CA6 /* PropertyListViewController.swift in Sources */ = {isa = PBXBuildFile; fileRef = 986153D32704EE2B00838CA6 /* PropertyListViewController.swift */; };
		986153D92704EE2F00838CA6 /* Assets.xcassets in Resources */ = {isa = PBXBuildFile; fileRef = 986153D82704EE2F00838CA6 /* Assets.xcassets */; };
		986153DC2704EE2F00838CA6 /* LaunchScreen.storyboard in Resources */ = {isa = PBXBuildFile; fileRef = 986153DA2704EE2F00838CA6 /* LaunchScreen.storyboard */; };
		98DAB5322718CBE400BDC6B8 /* listings.json in Resources */ = {isa = PBXBuildFile; fileRef = 98DAB5312718CBE400BDC6B8 /* listings.json */; };
		9F5D43F72729C30D00C380B0 /* DividerViewSnapshotTests.swift in Sources */ = {isa = PBXBuildFile; fileRef = 9F5D43EE2729C30D00C380B0 /* DividerViewSnapshotTests.swift */; };
		9F5D43F82729C30D00C380B0 /* MapLocationViewSnapshotTests.swift in Sources */ = {isa = PBXBuildFile; fileRef = 9F5D43F02729C30D00C380B0 /* MapLocationViewSnapshotTests.swift */; };
		9F5D43F92729C30D00C380B0 /* PropertyInfoViewSnapshotTests.swift in Sources */ = {isa = PBXBuildFile; fileRef = 9F5D43F12729C30D00C380B0 /* PropertyInfoViewSnapshotTests.swift */; };
		9F5D43FE2729C48C00C380B0 /* SnapshotTesting in Frameworks */ = {isa = PBXBuildFile; productRef = 9F5D43FD2729C48C00C380B0 /* SnapshotTesting */; };
		BC131F3B2720E81100CF0848 /* MapLocationView.swift in Sources */ = {isa = PBXBuildFile; fileRef = BC131F3A2720E81100CF0848 /* MapLocationView.swift */; };
		BC131F3D2720E85900CF0848 /* MapLocationViewModel.swift in Sources */ = {isa = PBXBuildFile; fileRef = BC131F3C2720E85900CF0848 /* MapLocationViewModel.swift */; };
		BC4658BD272CA35E00371C5A /* CollectionPropertySnapshotTests.swift in Sources */ = {isa = PBXBuildFile; fileRef = BC4658BC272CA35E00371C5A /* CollectionPropertySnapshotTests.swift */; };
		BC4658C0272CA4D600371C5A /* PropertyCollectionCell.swift in Sources */ = {isa = PBXBuildFile; fileRef = BC4658BF272CA4D600371C5A /* PropertyCollectionCell.swift */; };
		BC4658C3272CA4E900371C5A /* PropertyCorouselView.swift in Sources */ = {isa = PBXBuildFile; fileRef = BC4658C2272CA4E900371C5A /* PropertyCorouselView.swift */; };
		BCF2A387272759B400BADEFC /* PropertyInfoViewModel.swift in Sources */ = {isa = PBXBuildFile; fileRef = BCF2A385272759B400BADEFC /* PropertyInfoViewModel.swift */; };
		BCF2A388272759B400BADEFC /* PropertyInfoView.swift in Sources */ = {isa = PBXBuildFile; fileRef = BCF2A386272759B400BADEFC /* PropertyInfoView.swift */; };
		F5580847272745D100EEEA42 /* ContactFormView.swift in Sources */ = {isa = PBXBuildFile; fileRef = F5580846272745D100EEEA42 /* ContactFormView.swift */; };
		F55808492727482B00EEEA42 /* CustomTextField.swift in Sources */ = {isa = PBXBuildFile; fileRef = F55808482727482B00EEEA42 /* CustomTextField.swift */; };
		F558084B2727768600EEEA42 /* ContactFormViewSnapshotTests.swift in Sources */ = {isa = PBXBuildFile; fileRef = F558084A2727768400EEEA42 /* ContactFormViewSnapshotTests.swift */; };
		F55ACB5D2725B223004A8663 /* DividerView.swift in Sources */ = {isa = PBXBuildFile; fileRef = F55ACB5C2725B223004A8663 /* DividerView.swift */; };
		F5FB1792272B252600360024 /* UITextField+Ext.swift in Sources */ = {isa = PBXBuildFile; fileRef = F5FB1791272B252500360024 /* UITextField+Ext.swift */; };
		F5FB1794272B266700360024 /* CustomTextFieldSnapshotTests.swift in Sources */ = {isa = PBXBuildFile; fileRef = F5FB1793272B266700360024 /* CustomTextFieldSnapshotTests.swift */; };
		BC4459BE271E357500F7E0E9 /* ViewCodeChallenge_RealEstateTests.swift in Sources */ = {isa = PBXBuildFile; fileRef = BC4459BD271E357500F7E0E9 /* ViewCodeChallenge_RealEstateTests.swift */; };
		BC4459C6271E37E400F7E0E9 /* SnapshotTesting in Frameworks */ = {isa = PBXBuildFile; productRef = BC4459C5271E37E400F7E0E9 /* SnapshotTesting */; };
/* End PBXBuildFile section */

/* Begin PBXContainerItemProxy section */
		9F5D43E92729C2EA00C380B0 /* PBXContainerItemProxy */ = {
			isa = PBXContainerItemProxy;
			containerPortal = 986153C42704EE2B00838CA6 /* Project object */;
			proxyType = 1;
			remoteGlobalIDString = 986153CB2704EE2B00838CA6;
			remoteInfo = "ViewCodeChallenge-RealEstate";
		};
/* End PBXContainerItemProxy section */

/* Begin PBXFileReference section */
		980C0C0A2704F1C700F8100A /* RealEstateAPIClient.swift */ = {isa = PBXFileReference; fileEncoding = 4; lastKnownFileType = sourcecode.swift; path = RealEstateAPIClient.swift; sourceTree = "<group>"; };
		980C0C1B2704F23E00F8100A /* PropertyDetailsViewController.swift */ = {isa = PBXFileReference; lastKnownFileType = sourcecode.swift; path = PropertyDetailsViewController.swift; sourceTree = "<group>"; };
		980C0C1E2704F3C400F8100A /* Property.swift */ = {isa = PBXFileReference; lastKnownFileType = sourcecode.swift; path = Property.swift; sourceTree = "<group>"; };
		986153CC2704EE2B00838CA6 /* ViewCodeChallenge-RealEstate.app */ = {isa = PBXFileReference; explicitFileType = wrapper.application; includeInIndex = 0; path = "ViewCodeChallenge-RealEstate.app"; sourceTree = BUILT_PRODUCTS_DIR; };
		986153CF2704EE2B00838CA6 /* AppDelegate.swift */ = {isa = PBXFileReference; lastKnownFileType = sourcecode.swift; path = AppDelegate.swift; sourceTree = "<group>"; };
		986153D12704EE2B00838CA6 /* SceneDelegate.swift */ = {isa = PBXFileReference; lastKnownFileType = sourcecode.swift; path = SceneDelegate.swift; sourceTree = "<group>"; };
		986153D32704EE2B00838CA6 /* PropertyListViewController.swift */ = {isa = PBXFileReference; lastKnownFileType = sourcecode.swift; path = PropertyListViewController.swift; sourceTree = "<group>"; };
		986153D82704EE2F00838CA6 /* Assets.xcassets */ = {isa = PBXFileReference; lastKnownFileType = folder.assetcatalog; path = Assets.xcassets; sourceTree = "<group>"; };
		986153DB2704EE2F00838CA6 /* Base */ = {isa = PBXFileReference; lastKnownFileType = file.storyboard; name = Base; path = Base.lproj/LaunchScreen.storyboard; sourceTree = "<group>"; };
		986153DD2704EE2F00838CA6 /* Info.plist */ = {isa = PBXFileReference; lastKnownFileType = text.plist.xml; path = Info.plist; sourceTree = "<group>"; };
		98DAB5312718CBE400BDC6B8 /* listings.json */ = {isa = PBXFileReference; fileEncoding = 4; lastKnownFileType = text.json; path = listings.json; sourceTree = SOURCE_ROOT; };
		9F5D43E52729C2EA00C380B0 /* ViewCodeChallenge-RealEstateTests.xctest */ = {isa = PBXFileReference; explicitFileType = wrapper.cfbundle; includeInIndex = 0; path = "ViewCodeChallenge-RealEstateTests.xctest"; sourceTree = BUILT_PRODUCTS_DIR; };
		9F5D43EE2729C30D00C380B0 /* DividerViewSnapshotTests.swift */ = {isa = PBXFileReference; fileEncoding = 4; lastKnownFileType = sourcecode.swift; path = DividerViewSnapshotTests.swift; sourceTree = "<group>"; };
		9F5D43F02729C30D00C380B0 /* MapLocationViewSnapshotTests.swift */ = {isa = PBXFileReference; fileEncoding = 4; lastKnownFileType = sourcecode.swift; path = MapLocationViewSnapshotTests.swift; sourceTree = "<group>"; };
		9F5D43F12729C30D00C380B0 /* PropertyInfoViewSnapshotTests.swift */ = {isa = PBXFileReference; fileEncoding = 4; lastKnownFileType = sourcecode.swift; path = PropertyInfoViewSnapshotTests.swift; sourceTree = "<group>"; };
		BC131F3A2720E81100CF0848 /* MapLocationView.swift */ = {isa = PBXFileReference; lastKnownFileType = sourcecode.swift; path = MapLocationView.swift; sourceTree = "<group>"; };
		BC131F3C2720E85900CF0848 /* MapLocationViewModel.swift */ = {isa = PBXFileReference; lastKnownFileType = sourcecode.swift; path = MapLocationViewModel.swift; sourceTree = "<group>"; };
		BC4658BC272CA35E00371C5A /* CollectionPropertySnapshotTests.swift */ = {isa = PBXFileReference; fileEncoding = 4; lastKnownFileType = sourcecode.swift; path = CollectionPropertySnapshotTests.swift; sourceTree = "<group>"; };
		BC4658BF272CA4D600371C5A /* PropertyCollectionCell.swift */ = {isa = PBXFileReference; fileEncoding = 4; lastKnownFileType = sourcecode.swift; path = PropertyCollectionCell.swift; sourceTree = "<group>"; };
		BC4658C2272CA4E900371C5A /* PropertyCorouselView.swift */ = {isa = PBXFileReference; fileEncoding = 4; lastKnownFileType = sourcecode.swift; path = PropertyCorouselView.swift; sourceTree = "<group>"; };
		BCF2A385272759B400BADEFC /* PropertyInfoViewModel.swift */ = {isa = PBXFileReference; fileEncoding = 4; lastKnownFileType = sourcecode.swift; path = PropertyInfoViewModel.swift; sourceTree = "<group>"; };
		BCF2A386272759B400BADEFC /* PropertyInfoView.swift */ = {isa = PBXFileReference; fileEncoding = 4; lastKnownFileType = sourcecode.swift; path = PropertyInfoView.swift; sourceTree = "<group>"; };
		F5580846272745D100EEEA42 /* ContactFormView.swift */ = {isa = PBXFileReference; lastKnownFileType = sourcecode.swift; path = ContactFormView.swift; sourceTree = "<group>"; };
		F55808482727482B00EEEA42 /* CustomTextField.swift */ = {isa = PBXFileReference; lastKnownFileType = sourcecode.swift; path = CustomTextField.swift; sourceTree = "<group>"; };
		F558084A2727768400EEEA42 /* ContactFormViewSnapshotTests.swift */ = {isa = PBXFileReference; lastKnownFileType = sourcecode.swift; path = ContactFormViewSnapshotTests.swift; sourceTree = "<group>"; };
		F55ACB5C2725B223004A8663 /* DividerView.swift */ = {isa = PBXFileReference; lastKnownFileType = sourcecode.swift; path = DividerView.swift; sourceTree = "<group>"; };
		F5FB1791272B252500360024 /* UITextField+Ext.swift */ = {isa = PBXFileReference; lastKnownFileType = sourcecode.swift; path = "UITextField+Ext.swift"; sourceTree = "<group>"; };
		F5FB1793272B266700360024 /* CustomTextFieldSnapshotTests.swift */ = {isa = PBXFileReference; lastKnownFileType = sourcecode.swift; path = CustomTextFieldSnapshotTests.swift; sourceTree = "<group>"; };
		BC4459BB271E357500F7E0E9 /* ViewCodeChallenge-RealEstateTests.xctest */ = {isa = PBXFileReference; explicitFileType = wrapper.cfbundle; includeInIndex = 0; path = "ViewCodeChallenge-RealEstateTests.xctest"; sourceTree = BUILT_PRODUCTS_DIR; };
		BC4459BD271E357500F7E0E9 /* ViewCodeChallenge_RealEstateTests.swift */ = {isa = PBXFileReference; lastKnownFileType = sourcecode.swift; path = ViewCodeChallenge_RealEstateTests.swift; sourceTree = "<group>"; };
/* End PBXFileReference section */

/* Begin PBXFrameworksBuildPhase section */
		986153C92704EE2B00838CA6 /* Frameworks */ = {
			isa = PBXFrameworksBuildPhase;
			buildActionMask = 2147483647;
			files = (
			);
			runOnlyForDeploymentPostprocessing = 0;
		};
		9F5D43E22729C2EA00C380B0 /* Frameworks */ = {
			isa = PBXFrameworksBuildPhase;
			buildActionMask = 2147483647;
			files = (
				9F5D43FE2729C48C00C380B0 /* SnapshotTesting in Frameworks */,
			);
			runOnlyForDeploymentPostprocessing = 0;
		};
/* End PBXFrameworksBuildPhase section */

/* Begin PBXGroup section */
		980C0C062704F1C700F8100A /* DataManager */ = {
			isa = PBXGroup;
			children = (
				980C0C072704F1C700F8100A /* APIClient */,
			);
			path = DataManager;
			sourceTree = "<group>";
		};
		980C0C072704F1C700F8100A /* APIClient */ = {
			isa = PBXGroup;
			children = (
				980C0C0A2704F1C700F8100A /* RealEstateAPIClient.swift */,
			);
			path = APIClient;
			sourceTree = "<group>";
		};
		980C0C172704F1D500F8100A /* Screens */ = {
			isa = PBXGroup;
			children = (
				BC4658C1272CA4E900371C5A /* CarouselView */,
				BC4658BE272CA4D600371C5A /* Components */,
				BCF2A384272759B400BADEFC /* PropertyInfoView */,
				BC131F392720E7DD00CF0848 /* MapLocation */,
				980C0C182704F1DE00F8100A /* PropertyList */,
				980C0C192704F1E800F8100A /* PropertyDetails */,
			);
			path = Screens;
			sourceTree = "<group>";
		};
		980C0C182704F1DE00F8100A /* PropertyList */ = {
			isa = PBXGroup;
			children = (
				986153D32704EE2B00838CA6 /* PropertyListViewController.swift */,
			);
			path = PropertyList;
			sourceTree = "<group>";
		};
		980C0C192704F1E800F8100A /* PropertyDetails */ = {
			isa = PBXGroup;
			children = (
				980C0C1B2704F23E00F8100A /* PropertyDetailsViewController.swift */,
			);
			path = PropertyDetails;
			sourceTree = "<group>";
		};
		980C0C1A2704F1F100F8100A /* AppDelegate */ = {
			isa = PBXGroup;
			children = (
				986153CF2704EE2B00838CA6 /* AppDelegate.swift */,
				986153D12704EE2B00838CA6 /* SceneDelegate.swift */,
			);
			path = AppDelegate;
			sourceTree = "<group>";
		};
		980C0C1D2704F29100F8100A /* Models */ = {
			isa = PBXGroup;
			children = (
				980C0C1E2704F3C400F8100A /* Property.swift */,
			);
			path = Models;
			sourceTree = "<group>";
		};
		986153C32704EE2B00838CA6 = {
			isa = PBXGroup;
			children = (
				986153CE2704EE2B00838CA6 /* ViewCodeChallenge-RealEstate */,
				9F5D43E62729C2EA00C380B0 /* ViewCodeChallenge-RealEstateTests */,
				986153CD2704EE2B00838CA6 /* Products */,
			);
			sourceTree = "<group>";
		};
		986153CD2704EE2B00838CA6 /* Products */ = {
			isa = PBXGroup;
			children = (
				986153CC2704EE2B00838CA6 /* ViewCodeChallenge-RealEstate.app */,
				9F5D43E52729C2EA00C380B0 /* ViewCodeChallenge-RealEstateTests.xctest */,
			);
			name = Products;
			sourceTree = "<group>";
		};
		986153CE2704EE2B00838CA6 /* ViewCodeChallenge-RealEstate */ = {
			isa = PBXGroup;
			children = (
				F5FB1790272B24FC00360024 /* Extensions */,
				F55ACB5B2725B1C8004A8663 /* CustomComponents */,
				98DAB52E2718BF2300BDC6B8 /* Resources */,
				980C0C1A2704F1F100F8100A /* AppDelegate */,
				980C0C172704F1D500F8100A /* Screens */,
				980C0C062704F1C700F8100A /* DataManager */,
				980C0C1D2704F29100F8100A /* Models */,
			);
			path = "ViewCodeChallenge-RealEstate";
			sourceTree = "<group>";
		};
		98DAB52E2718BF2300BDC6B8 /* Resources */ = {
			isa = PBXGroup;
			children = (
				98DAB5312718CBE400BDC6B8 /* listings.json */,
				986153D82704EE2F00838CA6 /* Assets.xcassets */,
				986153DA2704EE2F00838CA6 /* LaunchScreen.storyboard */,
				986153DD2704EE2F00838CA6 /* Info.plist */,
			);
			path = Resources;
			sourceTree = "<group>";
		};
		9F5D43E62729C2EA00C380B0 /* ViewCodeChallenge-RealEstateTests */ = {
			isa = PBXGroup;
			children = (
				9F5D43EF2729C30D00C380B0 /* SnapshotTests */,
			);
			path = "ViewCodeChallenge-RealEstateTests";
			sourceTree = "<group>";
		};
		9F5D43EF2729C30D00C380B0 /* SnapshotTests */ = {
			isa = PBXGroup;
			children = (
				BC4658BC272CA35E00371C5A /* CollectionPropertySnapshotTests.swift */,
				9F5D43EE2729C30D00C380B0 /* DividerViewSnapshotTests.swift */,
				9F5D43F02729C30D00C380B0 /* MapLocationViewSnapshotTests.swift */,
				9F5D43F12729C30D00C380B0 /* PropertyInfoViewSnapshotTests.swift */,
				F558084A2727768400EEEA42 /* ContactFormViewSnapshotTests.swift */,
				F5FB1793272B266700360024 /* CustomTextFieldSnapshotTests.swift */,
			);
			path = SnapshotTests;
			sourceTree = "<group>";
		};
		BC131F392720E7DD00CF0848 /* MapLocation */ = {
			isa = PBXGroup;
			children = (
				BC131F3A2720E81100CF0848 /* MapLocationView.swift */,
				BC131F3C2720E85900CF0848 /* MapLocationViewModel.swift */,
			);
			path = MapLocation;
			sourceTree = "<group>";
		};
		BC4658BE272CA4D600371C5A /* Components */ = {
			isa = PBXGroup;
			children = (
				BC4658BF272CA4D600371C5A /* PropertyCollectionCell.swift */,
			);
			path = Components;
			sourceTree = "<group>";
		};
		BC4658C1272CA4E900371C5A /* CarouselView */ = {
			isa = PBXGroup;
			children = (
				BC4658C2272CA4E900371C5A /* PropertyCorouselView.swift */,
			);
			path = CarouselView;
			sourceTree = "<group>";
		};
		BCF2A384272759B400BADEFC /* PropertyInfoView */ = {
			isa = PBXGroup;
			children = (
				BCF2A385272759B400BADEFC /* PropertyInfoViewModel.swift */,
				BCF2A386272759B400BADEFC /* PropertyInfoView.swift */,
			);
			path = PropertyInfoView;
			sourceTree = "<group>";
		};
		F5580845272745A500EEEA42 /* ContactFormView */ = {
			isa = PBXGroup;
			children = (
				F5580846272745D100EEEA42 /* ContactFormView.swift */,
			);
			path = ContactFormView;
			sourceTree = "<group>";
		};
		F55ACB5B2725B1C8004A8663 /* CustomComponents */ = {
			isa = PBXGroup;
			children = (
				F5580845272745A500EEEA42 /* ContactFormView */,
				F5ADFC88272824DC00799138 /* CustomTextField */,
				F5FB178F272B24DB00360024 /* DividerView */,
				F55ACB5C2725B223004A8663 /* DividerView.swift */,
		);
			path = PropertyInfoView;
			sourceTree = "<group>";
		};
		BC4459BC271E357500F7E0E9 /* ViewCodeChallenge-RealEstateTests */ = {
			isa = PBXGroup;
			children = (
				BC4459BD271E357500F7E0E9 /* ViewCodeChallenge_RealEstateTests.swift */,
			);
			path = CustomComponents;
			sourceTree = "<group>";
		};
		F5ADFC88272824DC00799138 /* CustomTextField */ = {
			isa = PBXGroup;
			children = (
				F55808482727482B00EEEA42 /* CustomTextField.swift */,
			);
			path = CustomTextField;
			sourceTree = "<group>";
		};
		F5FB178F272B24DB00360024 /* DividerView */ = {
			isa = PBXGroup;
			children = (
				F55ACB5C2725B223004A8663 /* DividerView.swift */,
			);
			path = DividerView;
			sourceTree = "<group>";
		};
		F5FB1790272B24FC00360024 /* Extensions */ = {
			isa = PBXGroup;
			children = (
				F5FB1791272B252500360024 /* UITextField+Ext.swift */,
			);
			path = Extensions;
			sourceTree = "<group>";
		};
/* End PBXGroup section */

/* Begin PBXNativeTarget section */
		986153CB2704EE2B00838CA6 /* ViewCodeChallenge-RealEstate */ = {
			isa = PBXNativeTarget;
			buildConfigurationList = 986153E02704EE3000838CA6 /* Build configuration list for PBXNativeTarget "ViewCodeChallenge-RealEstate" */;
			buildPhases = (
				986153C82704EE2B00838CA6 /* Sources */,
				986153C92704EE2B00838CA6 /* Frameworks */,
				986153CA2704EE2B00838CA6 /* Resources */,
			);
			buildRules = (
			);
			dependencies = (
			);
			name = "ViewCodeChallenge-RealEstate";
			productName = "ViewCodeChallenge-RealEstate";
			productReference = 986153CC2704EE2B00838CA6 /* ViewCodeChallenge-RealEstate.app */;
			productType = "com.apple.product-type.application";
		};
		9F5D43E42729C2EA00C380B0 /* ViewCodeChallenge-RealEstateTests */ = {
			isa = PBXNativeTarget;
			buildConfigurationList = 9F5D43EB2729C2EA00C380B0 /* Build configuration list for PBXNativeTarget "ViewCodeChallenge-RealEstateTests" */;
			buildPhases = (
				9F5D43E12729C2EA00C380B0 /* Sources */,
				9F5D43E22729C2EA00C380B0 /* Frameworks */,
				9F5D43E32729C2EA00C380B0 /* Resources */,
			);
			buildRules = (
			);
			dependencies = (
				9F5D43EA2729C2EA00C380B0 /* PBXTargetDependency */,
			);
			name = "ViewCodeChallenge-RealEstateTests";
			packageProductDependencies = (
				9F5D43FD2729C48C00C380B0 /* SnapshotTesting */,
			);
			productName = "ViewCodeChallenge-RealEstateTests";
			productReference = 9F5D43E52729C2EA00C380B0 /* ViewCodeChallenge-RealEstateTests.xctest */;
			productType = "com.apple.product-type.bundle.unit-test";
		};
/* End PBXNativeTarget section */

/* Begin PBXProject section */
		986153C42704EE2B00838CA6 /* Project object */ = {
			isa = PBXProject;
			attributes = {
				BuildIndependentTargetsInParallel = 1;
				LastSwiftUpdateCheck = 1300;
				LastUpgradeCheck = 1300;
				TargetAttributes = {
					986153CB2704EE2B00838CA6 = {
						CreatedOnToolsVersion = 13.0;
					};
					9F5D43E42729C2EA00C380B0 = {
						CreatedOnToolsVersion = 13.0;
						LastSwiftMigration = 1300;
						TestTargetID = 986153CB2704EE2B00838CA6;
					};
				};
			};
			buildConfigurationList = 986153C72704EE2B00838CA6 /* Build configuration list for PBXProject "ViewCodeChallenge-RealEstate" */;
			compatibilityVersion = "Xcode 13.0";
			developmentRegion = en;
			hasScannedForEncodings = 0;
			knownRegions = (
				en,
				Base,
			);
			mainGroup = 986153C32704EE2B00838CA6;
			packageReferences = (
				9F5D43FC2729C48C00C380B0 /* XCRemoteSwiftPackageReference "swift-snapshot-testing" */,
			);
			productRefGroup = 986153CD2704EE2B00838CA6 /* Products */;
			projectDirPath = "";
			projectRoot = "";
			targets = (
				986153CB2704EE2B00838CA6 /* ViewCodeChallenge-RealEstate */,
				9F5D43E42729C2EA00C380B0 /* ViewCodeChallenge-RealEstateTests */,
			);
		};
/* End PBXProject section */

/* Begin PBXResourcesBuildPhase section */
		986153CA2704EE2B00838CA6 /* Resources */ = {
			isa = PBXResourcesBuildPhase;
			buildActionMask = 2147483647;
			files = (
				986153DC2704EE2F00838CA6 /* LaunchScreen.storyboard in Resources */,
				986153D92704EE2F00838CA6 /* Assets.xcassets in Resources */,
				98DAB5322718CBE400BDC6B8 /* listings.json in Resources */,
			);
			runOnlyForDeploymentPostprocessing = 0;
		};
		9F5D43E32729C2EA00C380B0 /* Resources */ = {
			isa = PBXResourcesBuildPhase;
			buildActionMask = 2147483647;
			files = (
			);
			runOnlyForDeploymentPostprocessing = 0;
		};
/* End PBXResourcesBuildPhase section */

/* Begin PBXSourcesBuildPhase section */
		986153C82704EE2B00838CA6 /* Sources */ = {
			isa = PBXSourcesBuildPhase;
			buildActionMask = 2147483647;
			files = (
				BC4658C0272CA4D600371C5A /* PropertyCollectionCell.swift in Sources */,
				F5580847272745D100EEEA42 /* ContactFormView.swift in Sources */,
				BC131F3D2720E85900CF0848 /* MapLocationViewModel.swift in Sources */,
				BCF2A387272759B400BADEFC /* PropertyInfoViewModel.swift in Sources */,
				F5FB1792272B252600360024 /* UITextField+Ext.swift in Sources */,
				986153D42704EE2B00838CA6 /* PropertyListViewController.swift in Sources */,
				980C0C1F2704F3C400F8100A /* Property.swift in Sources */,
				F55ACB5D2725B223004A8663 /* DividerView.swift in Sources */,
				F55808492727482B00EEEA42 /* CustomTextField.swift in Sources */,
				986153D02704EE2B00838CA6 /* AppDelegate.swift in Sources */,
				BC131F3B2720E81100CF0848 /* MapLocationView.swift in Sources */,
				BC4658C3272CA4E900371C5A /* PropertyCorouselView.swift in Sources */,
				986153D22704EE2B00838CA6 /* SceneDelegate.swift in Sources */,
				980C0C1C2704F23E00F8100A /* PropertyDetailsViewController.swift in Sources */,
				980C0C112704F1C700F8100A /* RealEstateAPIClient.swift in Sources */,
				BCF2A388272759B400BADEFC /* PropertyInfoView.swift in Sources */,
			);
			runOnlyForDeploymentPostprocessing = 0;
		};
		9F5D43E12729C2EA00C380B0 /* Sources */ = {
			isa = PBXSourcesBuildPhase;
			buildActionMask = 2147483647;
			files = (
				BC4658BD272CA35E00371C5A /* CollectionPropertySnapshotTests.swift in Sources */,
				9F5D43F82729C30D00C380B0 /* MapLocationViewSnapshotTests.swift in Sources */,
				9F5D43F72729C30D00C380B0 /* DividerViewSnapshotTests.swift in Sources */,
				9F5D43F92729C30D00C380B0 /* PropertyInfoViewSnapshotTests.swift in Sources */,
				F5FB1794272B266700360024 /* CustomTextFieldSnapshotTests.swift in Sources */,
				F558084B2727768600EEEA42 /* ContactFormViewSnapshotTests.swift in Sources */,
				BC4459BE271E357500F7E0E9 /* ViewCodeChallenge_RealEstateTests.swift in Sources */,
			);
			runOnlyForDeploymentPostprocessing = 0;
		};
/* End PBXSourcesBuildPhase section */

/* Begin PBXTargetDependency section */
		9F5D43EA2729C2EA00C380B0 /* PBXTargetDependency */ = {
			isa = PBXTargetDependency;
			target = 986153CB2704EE2B00838CA6 /* ViewCodeChallenge-RealEstate */;
			targetProxy = 9F5D43E92729C2EA00C380B0 /* PBXContainerItemProxy */;
		};
/* End PBXTargetDependency section */

/* Begin PBXVariantGroup section */
		986153DA2704EE2F00838CA6 /* LaunchScreen.storyboard */ = {
			isa = PBXVariantGroup;
			children = (
				986153DB2704EE2F00838CA6 /* Base */,
			);
			name = LaunchScreen.storyboard;
			sourceTree = "<group>";
		};
/* End PBXVariantGroup section */

/* Begin XCBuildConfiguration section */
		986153DE2704EE2F00838CA6 /* Debug */ = {
			isa = XCBuildConfiguration;
			buildSettings = {
				ALWAYS_SEARCH_USER_PATHS = NO;
				CLANG_ANALYZER_NONNULL = YES;
				CLANG_ANALYZER_NUMBER_OBJECT_CONVERSION = YES_AGGRESSIVE;
				CLANG_CXX_LANGUAGE_STANDARD = "gnu++17";
				CLANG_CXX_LIBRARY = "libc++";
				CLANG_ENABLE_MODULES = YES;
				CLANG_ENABLE_OBJC_ARC = YES;
				CLANG_ENABLE_OBJC_WEAK = YES;
				CLANG_WARN_BLOCK_CAPTURE_AUTORELEASING = YES;
				CLANG_WARN_BOOL_CONVERSION = YES;
				CLANG_WARN_COMMA = YES;
				CLANG_WARN_CONSTANT_CONVERSION = YES;
				CLANG_WARN_DEPRECATED_OBJC_IMPLEMENTATIONS = YES;
				CLANG_WARN_DIRECT_OBJC_ISA_USAGE = YES_ERROR;
				CLANG_WARN_DOCUMENTATION_COMMENTS = YES;
				CLANG_WARN_EMPTY_BODY = YES;
				CLANG_WARN_ENUM_CONVERSION = YES;
				CLANG_WARN_INFINITE_RECURSION = YES;
				CLANG_WARN_INT_CONVERSION = YES;
				CLANG_WARN_NON_LITERAL_NULL_CONVERSION = YES;
				CLANG_WARN_OBJC_IMPLICIT_RETAIN_SELF = YES;
				CLANG_WARN_OBJC_LITERAL_CONVERSION = YES;
				CLANG_WARN_OBJC_ROOT_CLASS = YES_ERROR;
				CLANG_WARN_QUOTED_INCLUDE_IN_FRAMEWORK_HEADER = YES;
				CLANG_WARN_RANGE_LOOP_ANALYSIS = YES;
				CLANG_WARN_STRICT_PROTOTYPES = YES;
				CLANG_WARN_SUSPICIOUS_MOVE = YES;
				CLANG_WARN_UNGUARDED_AVAILABILITY = YES_AGGRESSIVE;
				CLANG_WARN_UNREACHABLE_CODE = YES;
				CLANG_WARN__DUPLICATE_METHOD_MATCH = YES;
				COPY_PHASE_STRIP = NO;
				DEBUG_INFORMATION_FORMAT = dwarf;
				ENABLE_STRICT_OBJC_MSGSEND = YES;
				ENABLE_TESTABILITY = YES;
				GCC_C_LANGUAGE_STANDARD = gnu11;
				GCC_DYNAMIC_NO_PIC = NO;
				GCC_NO_COMMON_BLOCKS = YES;
				GCC_OPTIMIZATION_LEVEL = 0;
				GCC_PREPROCESSOR_DEFINITIONS = (
					"DEBUG=1",
					"$(inherited)",
				);
				GCC_WARN_64_TO_32_BIT_CONVERSION = YES;
				GCC_WARN_ABOUT_RETURN_TYPE = YES_ERROR;
				GCC_WARN_UNDECLARED_SELECTOR = YES;
				GCC_WARN_UNINITIALIZED_AUTOS = YES_AGGRESSIVE;
				GCC_WARN_UNUSED_FUNCTION = YES;
				GCC_WARN_UNUSED_VARIABLE = YES;
				IPHONEOS_DEPLOYMENT_TARGET = 15.0;
				MTL_ENABLE_DEBUG_INFO = INCLUDE_SOURCE;
				MTL_FAST_MATH = YES;
				ONLY_ACTIVE_ARCH = YES;
				SDKROOT = iphoneos;
				SWIFT_ACTIVE_COMPILATION_CONDITIONS = DEBUG;
				SWIFT_OPTIMIZATION_LEVEL = "-Onone";
			};
			name = Debug;
		};
		986153DF2704EE2F00838CA6 /* Release */ = {
			isa = XCBuildConfiguration;
			buildSettings = {
				ALWAYS_SEARCH_USER_PATHS = NO;
				CLANG_ANALYZER_NONNULL = YES;
				CLANG_ANALYZER_NUMBER_OBJECT_CONVERSION = YES_AGGRESSIVE;
				CLANG_CXX_LANGUAGE_STANDARD = "gnu++17";
				CLANG_CXX_LIBRARY = "libc++";
				CLANG_ENABLE_MODULES = YES;
				CLANG_ENABLE_OBJC_ARC = YES;
				CLANG_ENABLE_OBJC_WEAK = YES;
				CLANG_WARN_BLOCK_CAPTURE_AUTORELEASING = YES;
				CLANG_WARN_BOOL_CONVERSION = YES;
				CLANG_WARN_COMMA = YES;
				CLANG_WARN_CONSTANT_CONVERSION = YES;
				CLANG_WARN_DEPRECATED_OBJC_IMPLEMENTATIONS = YES;
				CLANG_WARN_DIRECT_OBJC_ISA_USAGE = YES_ERROR;
				CLANG_WARN_DOCUMENTATION_COMMENTS = YES;
				CLANG_WARN_EMPTY_BODY = YES;
				CLANG_WARN_ENUM_CONVERSION = YES;
				CLANG_WARN_INFINITE_RECURSION = YES;
				CLANG_WARN_INT_CONVERSION = YES;
				CLANG_WARN_NON_LITERAL_NULL_CONVERSION = YES;
				CLANG_WARN_OBJC_IMPLICIT_RETAIN_SELF = YES;
				CLANG_WARN_OBJC_LITERAL_CONVERSION = YES;
				CLANG_WARN_OBJC_ROOT_CLASS = YES_ERROR;
				CLANG_WARN_QUOTED_INCLUDE_IN_FRAMEWORK_HEADER = YES;
				CLANG_WARN_RANGE_LOOP_ANALYSIS = YES;
				CLANG_WARN_STRICT_PROTOTYPES = YES;
				CLANG_WARN_SUSPICIOUS_MOVE = YES;
				CLANG_WARN_UNGUARDED_AVAILABILITY = YES_AGGRESSIVE;
				CLANG_WARN_UNREACHABLE_CODE = YES;
				CLANG_WARN__DUPLICATE_METHOD_MATCH = YES;
				COPY_PHASE_STRIP = NO;
				DEBUG_INFORMATION_FORMAT = "dwarf-with-dsym";
				ENABLE_NS_ASSERTIONS = NO;
				ENABLE_STRICT_OBJC_MSGSEND = YES;
				GCC_C_LANGUAGE_STANDARD = gnu11;
				GCC_NO_COMMON_BLOCKS = YES;
				GCC_WARN_64_TO_32_BIT_CONVERSION = YES;
				GCC_WARN_ABOUT_RETURN_TYPE = YES_ERROR;
				GCC_WARN_UNDECLARED_SELECTOR = YES;
				GCC_WARN_UNINITIALIZED_AUTOS = YES_AGGRESSIVE;
				GCC_WARN_UNUSED_FUNCTION = YES;
				GCC_WARN_UNUSED_VARIABLE = YES;
				IPHONEOS_DEPLOYMENT_TARGET = 15.0;
				MTL_ENABLE_DEBUG_INFO = NO;
				MTL_FAST_MATH = YES;
				SDKROOT = iphoneos;
				SWIFT_COMPILATION_MODE = wholemodule;
				SWIFT_OPTIMIZATION_LEVEL = "-O";
				VALIDATE_PRODUCT = YES;
			};
			name = Release;
		};
		986153E12704EE3000838CA6 /* Debug */ = {
			isa = XCBuildConfiguration;
			buildSettings = {
				ASSETCATALOG_COMPILER_APPICON_NAME = AppIcon;
				ASSETCATALOG_COMPILER_GLOBAL_ACCENT_COLOR_NAME = AccentColor;
				CODE_SIGN_STYLE = Automatic;
				CURRENT_PROJECT_VERSION = 1;
				DEVELOPMENT_TEAM = B8F644M47X;
				GENERATE_INFOPLIST_FILE = YES;
				INFOPLIST_FILE = "ViewCodeChallenge-RealEstate/Resources/Info.plist";
				INFOPLIST_KEY_UIApplicationSupportsIndirectInputEvents = YES;
				INFOPLIST_KEY_UILaunchStoryboardName = LaunchScreen;
				INFOPLIST_KEY_UISupportedInterfaceOrientations_iPad = "UIInterfaceOrientationPortrait UIInterfaceOrientationPortraitUpsideDown UIInterfaceOrientationLandscapeLeft UIInterfaceOrientationLandscapeRight";
				INFOPLIST_KEY_UISupportedInterfaceOrientations_iPhone = "UIInterfaceOrientationPortrait UIInterfaceOrientationLandscapeLeft UIInterfaceOrientationLandscapeRight";
				LD_RUNPATH_SEARCH_PATHS = (
					"$(inherited)",
					"@executable_path/Frameworks",
				);
				MARKETING_VERSION = 1.0;
				PRODUCT_BUNDLE_IDENTIFIER = "com.devpass.ViewCodeChallenge-RealEstate";
				PRODUCT_NAME = "$(TARGET_NAME)";
				SWIFT_EMIT_LOC_STRINGS = YES;
				SWIFT_VERSION = 5.0;
				TARGETED_DEVICE_FAMILY = "1,2";
			};
			name = Debug;
		};
		986153E22704EE3000838CA6 /* Release */ = {
			isa = XCBuildConfiguration;
			buildSettings = {
				ASSETCATALOG_COMPILER_APPICON_NAME = AppIcon;
				ASSETCATALOG_COMPILER_GLOBAL_ACCENT_COLOR_NAME = AccentColor;
				CODE_SIGN_STYLE = Automatic;
				CURRENT_PROJECT_VERSION = 1;
				DEVELOPMENT_TEAM = B8F644M47X;
				GENERATE_INFOPLIST_FILE = YES;
				INFOPLIST_FILE = "ViewCodeChallenge-RealEstate/Resources/Info.plist";
				INFOPLIST_KEY_UIApplicationSupportsIndirectInputEvents = YES;
				INFOPLIST_KEY_UILaunchStoryboardName = LaunchScreen;
				INFOPLIST_KEY_UISupportedInterfaceOrientations_iPad = "UIInterfaceOrientationPortrait UIInterfaceOrientationPortraitUpsideDown UIInterfaceOrientationLandscapeLeft UIInterfaceOrientationLandscapeRight";
				INFOPLIST_KEY_UISupportedInterfaceOrientations_iPhone = "UIInterfaceOrientationPortrait UIInterfaceOrientationLandscapeLeft UIInterfaceOrientationLandscapeRight";
				LD_RUNPATH_SEARCH_PATHS = (
					"$(inherited)",
					"@executable_path/Frameworks",
				);
				MARKETING_VERSION = 1.0;
				PRODUCT_BUNDLE_IDENTIFIER = "com.devpass.ViewCodeChallenge-RealEstate";
				PRODUCT_NAME = "$(TARGET_NAME)";
				SWIFT_EMIT_LOC_STRINGS = YES;
				SWIFT_VERSION = 5.0;
				TARGETED_DEVICE_FAMILY = "1,2";
			};
			name = Release;
		};
		9F5D43EC2729C2EA00C380B0 /* Debug */ = {
			isa = XCBuildConfiguration;
			buildSettings = {
				BUNDLE_LOADER = "$(TEST_HOST)";
				CLANG_ENABLE_MODULES = YES;
				CODE_SIGN_STYLE = Manual;
				CURRENT_PROJECT_VERSION = 1;
				DEVELOPMENT_TEAM = "";
				GENERATE_INFOPLIST_FILE = YES;
				LD_RUNPATH_SEARCH_PATHS = (
					"$(inherited)",
					"@executable_path/Frameworks",
					"@loader_path/Frameworks",
				);
				MARKETING_VERSION = 1.0;
				PRODUCT_BUNDLE_IDENTIFIER = "br.com.btas.developer.ViewCodeChallenge-RealEstateTests";
				PRODUCT_NAME = "$(TARGET_NAME)";
				PROVISIONING_PROFILE_SPECIFIER = "";
				"PROVISIONING_PROFILE_SPECIFIER[sdk=macosx*]" = "";
				SWIFT_EMIT_LOC_STRINGS = NO;
				SWIFT_OPTIMIZATION_LEVEL = "-Onone";
				SWIFT_VERSION = 5.0;
				TARGETED_DEVICE_FAMILY = "1,2";
				TEST_HOST = "$(BUILT_PRODUCTS_DIR)/ViewCodeChallenge-RealEstate.app/ViewCodeChallenge-RealEstate";
			};
			name = Debug;
		};
		9F5D43ED2729C2EA00C380B0 /* Release */ = {
			isa = XCBuildConfiguration;
			buildSettings = {
				BUNDLE_LOADER = "$(TEST_HOST)";
				CLANG_ENABLE_MODULES = YES;
				CODE_SIGN_STYLE = Manual;
				CURRENT_PROJECT_VERSION = 1;
				DEVELOPMENT_TEAM = "";
				GENERATE_INFOPLIST_FILE = YES;
				LD_RUNPATH_SEARCH_PATHS = (
					"$(inherited)",
					"@executable_path/Frameworks",
					"@loader_path/Frameworks",
				);
				MARKETING_VERSION = 1.0;
				PRODUCT_BUNDLE_IDENTIFIER = "br.com.btas.developer.ViewCodeChallenge-RealEstateTests";
				PRODUCT_NAME = "$(TARGET_NAME)";
				PROVISIONING_PROFILE_SPECIFIER = "";
				"PROVISIONING_PROFILE_SPECIFIER[sdk=macosx*]" = "";
				SWIFT_EMIT_LOC_STRINGS = NO;
				SWIFT_VERSION = 5.0;
				TARGETED_DEVICE_FAMILY = "1,2";
				TEST_HOST = "$(BUILT_PRODUCTS_DIR)/ViewCodeChallenge-RealEstate.app/ViewCodeChallenge-RealEstate";
			};
			name = Release;
		};
/* End XCBuildConfiguration section */

/* Begin XCConfigurationList section */
		986153C72704EE2B00838CA6 /* Build configuration list for PBXProject "ViewCodeChallenge-RealEstate" */ = {
			isa = XCConfigurationList;
			buildConfigurations = (
				986153DE2704EE2F00838CA6 /* Debug */,
				986153DF2704EE2F00838CA6 /* Release */,
			);
			defaultConfigurationIsVisible = 0;
			defaultConfigurationName = Release;
		};
		986153E02704EE3000838CA6 /* Build configuration list for PBXNativeTarget "ViewCodeChallenge-RealEstate" */ = {
			isa = XCConfigurationList;
			buildConfigurations = (
				986153E12704EE3000838CA6 /* Debug */,
				986153E22704EE3000838CA6 /* Release */,
			);
			defaultConfigurationIsVisible = 0;
			defaultConfigurationName = Release;
		};
		9F5D43EB2729C2EA00C380B0 /* Build configuration list for PBXNativeTarget "ViewCodeChallenge-RealEstateTests" */ = {
			isa = XCConfigurationList;
			buildConfigurations = (
				9F5D43EC2729C2EA00C380B0 /* Debug */,
				9F5D43ED2729C2EA00C380B0 /* Release */,
			);
			defaultConfigurationIsVisible = 0;
			defaultConfigurationName = Release;
		};
/* End XCConfigurationList section */

/* Begin XCRemoteSwiftPackageReference section */
		9F5D43FC2729C48C00C380B0 /* XCRemoteSwiftPackageReference "swift-snapshot-testing" */ = {
			isa = XCRemoteSwiftPackageReference;
			repositoryURL = "https://github.com/pointfreeco/swift-snapshot-testing.git";
			requirement = {
				kind = upToNextMajorVersion;
				minimumVersion = 1.0.0;
			};
		};
/* End XCRemoteSwiftPackageReference section */

/* Begin XCSwiftPackageProductDependency section */
		9F5D43FD2729C48C00C380B0 /* SnapshotTesting */ = {
			isa = XCSwiftPackageProductDependency;
			package = 9F5D43FC2729C48C00C380B0 /* XCRemoteSwiftPackageReference "swift-snapshot-testing" */;
			productName = SnapshotTesting;
		};
/* End XCSwiftPackageProductDependency section */
	};
	rootObject = 986153C42704EE2B00838CA6 /* Project object */;
}
